// !$*UTF8*$!
{
	archiveVersion = 1;
	classes = {
	};
	objectVersion = 46;
	objects = {

/* Begin PBXBuildFile section */
		FCAEAB1B1C336BA70035CE84 /* main.m in Sources */ = {isa = PBXBuildFile; fileRef = FCAEAB1A1C336BA70035CE84 /* main.m */; };
		FCAEAB231C337AB20035CE84 /* Book.m in Sources */ = {isa = PBXBuildFile; fileRef = FCAEAB221C337AB20035CE84 /* Book.m */; };
		FCAEAB261C337B4A0035CE84 /* Person.m in Sources */ = {isa = PBXBuildFile; fileRef = FCAEAB251C337B4A0035CE84 /* Person.m */; };
/* End PBXBuildFile section */

/* Begin PBXCopyFilesBuildPhase section */
		FCAEAB151C336BA70035CE84 /* CopyFiles */ = {
			isa = PBXCopyFilesBuildPhase;
			buildActionMask = 2147483647;
			dstPath = /usr/share/man/man1/;
			dstSubfolderSpec = 0;
			files = (
			);
			runOnlyForDeploymentPostprocessing = 1;
		};
/* End PBXCopyFilesBuildPhase section */

/* Begin PBXFileReference section */
		FCAEAB171C336BA70035CE84 /* memory_management_2 */ = {isa = PBXFileReference; explicitFileType = "compiled.mach-o.executable"; includeInIndex = 0; path = memory_management_2; sourceTree = BUILT_PRODUCTS_DIR; };
		FCAEAB1A1C336BA70035CE84 /* main.m */ = {isa = PBXFileReference; lastKnownFileType = sourcecode.c.objc; path = main.m; sourceTree = "<group>"; };
		FCAEAB211C337AB20035CE84 /* Book.h */ = {isa = PBXFileReference; fileEncoding = 4; lastKnownFileType = sourcecode.c.h; path = Book.h; sourceTree = "<group>"; };
		FCAEAB221C337AB20035CE84 /* Book.m */ = {isa = PBXFileReference; fileEncoding = 4; lastKnownFileType = sourcecode.c.objc; path = Book.m; sourceTree = "<group>"; };
		FCAEAB241C337B4A0035CE84 /* Person.h */ = {isa = PBXFileReference; fileEncoding = 4; lastKnownFileType = sourcecode.c.h; path = Person.h; sourceTree = "<group>"; };
		FCAEAB251C337B4A0035CE84 /* Person.m */ = {isa = PBXFileReference; fileEncoding = 4; lastKnownFileType = sourcecode.c.objc; path = Person.m; sourceTree = "<group>"; };
/* End PBXFileReference section */

/* Begin PBXFrameworksBuildPhase section */
		FCAEAB141C336BA70035CE84 /* Frameworks */ = {
			isa = PBXFrameworksBuildPhase;
			buildActionMask = 2147483647;
			files = (
			);
			runOnlyForDeploymentPostprocessing = 0;
		};
/* End PBXFrameworksBuildPhase section */

/* Begin PBXGroup section */
		FCAEAB0E1C336BA70035CE84 = {
			isa = PBXGroup;
			children = (
				FCAEAB191C336BA70035CE84 /* memory_management_2 */,
				FCAEAB181C336BA70035CE84 /* Products */,
			);
			sourceTree = "<group>";
		};
		FCAEAB181C336BA70035CE84 /* Products */ = {
			isa = PBXGroup;
			children = (
				FCAEAB171C336BA70035CE84 /* memory_management_2 */,
			);
			name = Products;
			sourceTree = "<group>";
		};
		FCAEAB191C336BA70035CE84 /* memory_management_2 */ = {
			isa = PBXGroup;
			children = (
				FCAEAB1A1C336BA70035CE84 /* main.m */,
				FCAEAB211C337AB20035CE84 /* Book.h */,
				FCAEAB221C337AB20035CE84 /* Book.m */,
				FCAEAB241C337B4A0035CE84 /* Person.h */,
				FCAEAB251C337B4A0035CE84 /* Person.m */,
			);
			path = memory_management_2;
			sourceTree = "<group>";
		};
/* End PBXGroup section */

/* Begin PBXNativeTarget section */
		FCAEAB161C336BA70035CE84 /* memory_management_2 */ = {
			isa = PBXNativeTarget;
			buildConfigurationList = FCAEAB1E1C336BA70035CE84 /* Build configuration list for PBXNativeTarget "memory_management_2" */;
			buildPhases = (
				FCAEAB131C336BA70035CE84 /* Sources */,
				FCAEAB141C336BA70035CE84 /* Frameworks */,
				FCAEAB151C336BA70035CE84 /* CopyFiles */,
			);
			buildRules = (
			);
			dependencies = (
			);
			name = memory_management_2;
			productName = memory_management_2;
			productReference = FCAEAB171C336BA70035CE84 /* memory_management_2 */;
			productType = "com.apple.product-type.tool";
		};
/* End PBXNativeTarget section */

/* Begin PBXProject section */
		FCAEAB0F1C336BA70035CE84 /* Project object */ = {
			isa = PBXProject;
			attributes = {
				LastUpgradeCheck = 0720;
				ORGANIZATIONNAME = Jon;
				TargetAttributes = {
					FCAEAB161C336BA70035CE84 = {
						CreatedOnToolsVersion = 7.2;
					};
				};
			};
			buildConfigurationList = FCAEAB121C336BA70035CE84 /* Build configuration list for PBXProject "memory_management_2" */;
			compatibilityVersion = "Xcode 3.2";
			developmentRegion = English;
			hasScannedForEncodings = 0;
			knownRegions = (
				en,
			);
			mainGroup = FCAEAB0E1C336BA70035CE84;
			productRefGroup = FCAEAB181C336BA70035CE84 /* Products */;
			projectDirPath = "";
			projectRoot = "";
			targets = (
				FCAEAB161C336BA70035CE84 /* memory_management_2 */,
			);
		};
/* End PBXProject section */

/* Begin PBXSourcesBuildPhase section */
		FCAEAB131C336BA70035CE84 /* Sources */ = {
			isa = PBXSourcesBuildPhase;
			buildActionMask = 2147483647;
			files = (
				FCAEAB261C337B4A0035CE84 /* Person.m in Sources */,
				FCAEAB231C337AB20035CE84 /* Book.m in Sources */,
				FCAEAB1B1C336BA70035CE84 /* main.m in Sources */,
			);
			runOnlyForDeploymentPostprocessing = 0;
		};
/* End PBXSourcesBuildPhase section */

/* Begin XCBuildConfiguration section */
		FCAEAB1C1C336BA70035CE84 /* Debug */ = {
			isa = XCBuildConfiguration;
			buildSettings = {
				ALWAYS_SEARCH_USER_PATHS = NO;
				CLANG_CXX_LANGUAGE_STANDARD = "gnu++0x";
				CLANG_CXX_LIBRARY = "libc++";
				CLANG_ENABLE_MODULES = YES;
				CLANG_ENABLE_OBJC_ARC = NO;
				CLANG_WARN_BOOL_CONVERSION = YES;
				CLANG_WARN_CONSTANT_CONVERSION = YES;
				CLANG_WARN_DIRECT_OBJC_ISA_USAGE = YES_ERROR;
				CLANG_WARN_EMPTY_BODY = YES;
				CLANG_WARN_ENUM_CONVERSION = YES;
				CLANG_WARN_INT_CONVERSION = YES;
				CLANG_WARN_OBJC_ROOT_CLASS = YES_ERROR;
				CLANG_WARN_UNREACHABLE_CODE = YES;
				CLANG_WARN__DUPLICATE_METHOD_MATCH = YES;
				CODE_SIGN_IDENTITY = "-";
				COPY_PHASE_STRIP = NO;
				DEBUG_INFORMATION_FORMAT = dwarf;
				ENABLE_STRICT_OBJC_MSGSEND = YES;
				ENABLE_TESTABILITY = YES;
				GCC_C_LANGUAGE_STANDARD = gnu99;
				GCC_DYNAMIC_NO_PIC = NO;
				GCC_NO_COMMON_BLOCKS = YES;
				GCC_OPTIMIZATION_LEVEL = 0;
				GCC_PREPROCESSOR_DEFINITIONS = (
					"DEBUG=1",
					"$(inherited)",
				);
				GCC_WARN_64_TO_32_BIT_CONVERSION = YES;
				GCC_WARN_ABOUT_RETURN_TYPE = YES_ERROR;
				GCC_WARN_UNDECLARED_SELECTOR = YES;
				GCC_WARN_UNINITIALIZED_AUTOS = YES_AGGRESSIVE;
				GCC_WARN_UNUSED_FUNCTION = YES;
				GCC_WARN_UNUSED_VARIABLE = YES;
				MACOSX_DEPLOYMENT_TARGET = 10.11;
				MTL_ENABLE_DEBUG_INFO = YES;
				ONLY_ACTIVE_ARCH = YES;
				SDKROOT = macosx;
			};
			name = Debug;
		};
		FCAEAB1D1C336BA70035CE84 /* Release */ = {
			isa = XCBuildConfiguration;
			buildSettings = {
				ALWAYS_SEARCH_USER_PATHS = NO;
				CLANG_CXX_LANGUAGE_STANDARD = "gnu++0x";
				CLANG_CXX_LIBRARY = "libc++";
				CLANG_ENABLE_MODULES = YES;
				CLANG_ENABLE_OBJC_ARC = NO;
				CLANG_WARN_BOOL_CONVERSION = YES;
				CLANG_WARN_CONSTANT_CONVERSION = YES;
				CLANG_WARN_DIRECT_OBJC_ISA_USAGE = YES_ERROR;
				CLANG_WARN_EMPTY_BODY = YES;
				CLANG_WARN_ENUM_CONVERSION = YES;
				CLANG_WARN_INT_CONVERSION = YES;
				CLANG_WARN_OBJC_ROOT_CLASS = YES_ERROR;
				CLANG_WARN_UNREACHABLE_CODE = YES;
				CLANG_WARN__DUPLICATE_METHOD_MATCH = YES;
				CODE_SIGN_IDENTITY = "-";
				COPY_PHASE_STRIP = NO;
				DEBUG_INFORMATION_FORMAT = "dwarf-with-dsym";
				ENABLE_NS_ASSERTIONS = NO;
				ENABLE_STRICT_OBJC_MSGSEND = YES;
				GCC_C_LANGUAGE_STANDARD = gnu99;
				GCC_NO_COMMON_BLOCKS = YES;
				GCC_WARN_64_TO_32_BIT_CONVERSION = YES;
				GCC_WARN_ABOUT_RETURN_TYPE = YES_ERROR;
				GCC_WARN_UNDECLARED_SELECTOR = YES;
				GCC_WARN_UNINITIALIZED_AUTOS = YES_AGGRESSIVE;
				GCC_WARN_UNUSED_FUNCTION = YES;
				GCC_WARN_UNUSED_VARIABLE = YES;
				MACOSX_DEPLOYMENT_TARGET = 10.11;
				MTL_ENABLE_DEBUG_INFO = NO;
				SDKROOT = macosx;
			};
			name = Release;
		};
		FCAEAB1F1C336BA70035CE84 /* Debug */ = {
			isa = XCBuildConfiguration;
			buildSettings = {
				PRODUCT_NAME = "$(TARGET_NAME)";
			};
			name = Debug;
		};
		FCAEAB201C336BA70035CE84 /* Release */ = {
			isa = XCBuildConfiguration;
			buildSettings = {
				PRODUCT_NAME = "$(TARGET_NAME)";
			};
			name = Release;
		};
/* End XCBuildConfiguration section */

/* Begin XCConfigurationList section */
		FCAEAB121C336BA70035CE84 /* Build configuration list for PBXProject "memory_management_2" */ = {
			isa = XCConfigurationList;
			buildConfigurations = (
				FCAEAB1C1C336BA70035CE84 /* Debug */,
				FCAEAB1D1C336BA70035CE84 /* Release */,
			);
			defaultConfigurationIsVisible = 0;
			defaultConfigurationName = Release;
		};
		FCAEAB1E1C336BA70035CE84 /* Build configuration list for PBXNativeTarget "memory_management_2" */ = {
			isa = XCConfigurationList;
			buildConfigurations = (
				FCAEAB1F1C336BA70035CE84 /* Debug */,
				FCAEAB201C336BA70035CE84 /* Release */,
			);
			defaultConfigurationIsVisible = 0;
		};
/* End XCConfigurationList section */
	};
	rootObject = FCAEAB0F1C336BA70035CE84 /* Project object */;
}
