// !$*UTF8*$!
{
	archiveVersion = 1;
	classes = {
	};
	objectVersion = 46;
	objects = {

/* Begin PBXBuildFile section */
		FCE6A4EA1C5A5E7C0088F5C9 /* main.m in Sources */ = {isa = PBXBuildFile; fileRef = FCE6A4E91C5A5E7C0088F5C9 /* main.m */; };
		FCE6A4ED1C5A5E7C0088F5C9 /* AppDelegate.m in Sources */ = {isa = PBXBuildFile; fileRef = FCE6A4EC1C5A5E7C0088F5C9 /* AppDelegate.m */; };
		FCE6A4F01C5A5E7C0088F5C9 /* ViewController.m in Sources */ = {isa = PBXBuildFile; fileRef = FCE6A4EF1C5A5E7C0088F5C9 /* ViewController.m */; };
		FCE6A4F31C5A5E7C0088F5C9 /* Main.storyboard in Resources */ = {isa = PBXBuildFile; fileRef = FCE6A4F11C5A5E7C0088F5C9 /* Main.storyboard */; };
		FCE6A4F51C5A5E7C0088F5C9 /* Assets.xcassets in Resources */ = {isa = PBXBuildFile; fileRef = FCE6A4F41C5A5E7C0088F5C9 /* Assets.xcassets */; };
		FCE6A4F81C5A5E7C0088F5C9 /* LaunchScreen.storyboard in Resources */ = {isa = PBXBuildFile; fileRef = FCE6A4F61C5A5E7C0088F5C9 /* LaunchScreen.storyboard */; };
		FCE6A5001C5A5F320088F5C9 /* cars_total.plist in Resources */ = {isa = PBXBuildFile; fileRef = FCE6A4FF1C5A5F320088F5C9 /* cars_total.plist */; };
		FCE6A5031C5A6C840088F5C9 /* carsGroup.m in Sources */ = {isa = PBXBuildFile; fileRef = FCE6A5021C5A6C840088F5C9 /* carsGroup.m */; };
		FCE6A5061C5A6CCC0088F5C9 /* car.m in Sources */ = {isa = PBXBuildFile; fileRef = FCE6A5051C5A6CCC0088F5C9 /* car.m */; };
		FCE6A5091C5A78B40088F5C9 /* NSArray+Log.m in Sources */ = {isa = PBXBuildFile; fileRef = FCE6A5081C5A78B40088F5C9 /* NSArray+Log.m */; };
/* End PBXBuildFile section */

/* Begin PBXFileReference section */
		FCE6A4E51C5A5E7C0088F5C9 /* 汽车品牌概览.app */ = {isa = PBXFileReference; explicitFileType = wrapper.application; includeInIndex = 0; path = "汽车品牌概览.app"; sourceTree = BUILT_PRODUCTS_DIR; };
		FCE6A4E91C5A5E7C0088F5C9 /* main.m */ = {isa = PBXFileReference; lastKnownFileType = sourcecode.c.objc; path = main.m; sourceTree = "<group>"; };
		FCE6A4EB1C5A5E7C0088F5C9 /* AppDelegate.h */ = {isa = PBXFileReference; lastKnownFileType = sourcecode.c.h; path = AppDelegate.h; sourceTree = "<group>"; };
		FCE6A4EC1C5A5E7C0088F5C9 /* AppDelegate.m */ = {isa = PBXFileReference; lastKnownFileType = sourcecode.c.objc; path = AppDelegate.m; sourceTree = "<group>"; };
		FCE6A4EE1C5A5E7C0088F5C9 /* ViewController.h */ = {isa = PBXFileReference; lastKnownFileType = sourcecode.c.h; path = ViewController.h; sourceTree = "<group>"; };
		FCE6A4EF1C5A5E7C0088F5C9 /* ViewController.m */ = {isa = PBXFileReference; lastKnownFileType = sourcecode.c.objc; path = ViewController.m; sourceTree = "<group>"; };
		FCE6A4F21C5A5E7C0088F5C9 /* Base */ = {isa = PBXFileReference; lastKnownFileType = file.storyboard; name = Base; path = Base.lproj/Main.storyboard; sourceTree = "<group>"; };
		FCE6A4F41C5A5E7C0088F5C9 /* Assets.xcassets */ = {isa = PBXFileReference; lastKnownFileType = folder.assetcatalog; path = Assets.xcassets; sourceTree = "<group>"; };
		FCE6A4F71C5A5E7C0088F5C9 /* Base */ = {isa = PBXFileReference; lastKnownFileType = file.storyboard; name = Base; path = Base.lproj/LaunchScreen.storyboard; sourceTree = "<group>"; };
		FCE6A4F91C5A5E7C0088F5C9 /* Info.plist */ = {isa = PBXFileReference; lastKnownFileType = text.plist.xml; path = Info.plist; sourceTree = "<group>"; };
		FCE6A4FF1C5A5F320088F5C9 /* cars_total.plist */ = {isa = PBXFileReference; fileEncoding = 4; lastKnownFileType = text.plist.xml; path = cars_total.plist; sourceTree = "<group>"; };
		FCE6A5011C5A6C840088F5C9 /* carsGroup.h */ = {isa = PBXFileReference; fileEncoding = 4; lastKnownFileType = sourcecode.c.h; path = carsGroup.h; sourceTree = "<group>"; };
		FCE6A5021C5A6C840088F5C9 /* carsGroup.m */ = {isa = PBXFileReference; fileEncoding = 4; lastKnownFileType = sourcecode.c.objc; path = carsGroup.m; sourceTree = "<group>"; };
		FCE6A5041C5A6CCC0088F5C9 /* car.h */ = {isa = PBXFileReference; fileEncoding = 4; lastKnownFileType = sourcecode.c.h; path = car.h; sourceTree = "<group>"; };
		FCE6A5051C5A6CCC0088F5C9 /* car.m */ = {isa = PBXFileReference; fileEncoding = 4; lastKnownFileType = sourcecode.c.objc; path = car.m; sourceTree = "<group>"; };
		FCE6A5071C5A78B40088F5C9 /* NSArray+Log.h */ = {isa = PBXFileReference; fileEncoding = 4; lastKnownFileType = sourcecode.c.h; path = "NSArray+Log.h"; sourceTree = "<group>"; };
		FCE6A5081C5A78B40088F5C9 /* NSArray+Log.m */ = {isa = PBXFileReference; fileEncoding = 4; lastKnownFileType = sourcecode.c.objc; path = "NSArray+Log.m"; sourceTree = "<group>"; };
/* End PBXFileReference section */

/* Begin PBXFrameworksBuildPhase section */
		FCE6A4E21C5A5E7C0088F5C9 /* Frameworks */ = {
			isa = PBXFrameworksBuildPhase;
			buildActionMask = 2147483647;
			files = (
			);
			runOnlyForDeploymentPostprocessing = 0;
		};
/* End PBXFrameworksBuildPhase section */

/* Begin PBXGroup section */
		FCE6A4DC1C5A5E7C0088F5C9 = {
			isa = PBXGroup;
			children = (
				FCE6A4E71C5A5E7C0088F5C9 /* 汽车品牌概览 */,
				FCE6A4E61C5A5E7C0088F5C9 /* Products */,
			);
			sourceTree = "<group>";
		};
		FCE6A4E61C5A5E7C0088F5C9 /* Products */ = {
			isa = PBXGroup;
			children = (
				FCE6A4E51C5A5E7C0088F5C9 /* 汽车品牌概览.app */,
			);
			name = Products;
			sourceTree = "<group>";
		};
		FCE6A4E71C5A5E7C0088F5C9 /* 汽车品牌概览 */ = {
			isa = PBXGroup;
			children = (
				FCE6A4EB1C5A5E7C0088F5C9 /* AppDelegate.h */,
				FCE6A4EC1C5A5E7C0088F5C9 /* AppDelegate.m */,
				FCE6A4EE1C5A5E7C0088F5C9 /* ViewController.h */,
				FCE6A4EF1C5A5E7C0088F5C9 /* ViewController.m */,
				FCE6A5011C5A6C840088F5C9 /* carsGroup.h */,
				FCE6A5021C5A6C840088F5C9 /* carsGroup.m */,
				FCE6A5041C5A6CCC0088F5C9 /* car.h */,
				FCE6A5051C5A6CCC0088F5C9 /* car.m */,
				FCE6A5071C5A78B40088F5C9 /* NSArray+Log.h */,
				FCE6A5081C5A78B40088F5C9 /* NSArray+Log.m */,
				FCE6A4F11C5A5E7C0088F5C9 /* Main.storyboard */,
				FCE6A4F41C5A5E7C0088F5C9 /* Assets.xcassets */,
				FCE6A4F61C5A5E7C0088F5C9 /* LaunchScreen.storyboard */,
				FCE6A4F91C5A5E7C0088F5C9 /* Info.plist */,
				FCE6A4E81C5A5E7C0088F5C9 /* Supporting Files */,
			);
			path = "汽车品牌概览";
			sourceTree = "<group>";
		};
		FCE6A4E81C5A5E7C0088F5C9 /* Supporting Files */ = {
			isa = PBXGroup;
			children = (
				FCE6A4E91C5A5E7C0088F5C9 /* main.m */,
				FCE6A4FF1C5A5F320088F5C9 /* cars_total.plist */,
			);
			name = "Supporting Files";
			sourceTree = "<group>";
		};
/* End PBXGroup section */

/* Begin PBXNativeTarget section */
		FCE6A4E41C5A5E7C0088F5C9 /* 汽车品牌概览 */ = {
			isa = PBXNativeTarget;
			buildConfigurationList = FCE6A4FC1C5A5E7C0088F5C9 /* Build configuration list for PBXNativeTarget "汽车品牌概览" */;
			buildPhases = (
				FCE6A4E11C5A5E7C0088F5C9 /* Sources */,
				FCE6A4E21C5A5E7C0088F5C9 /* Frameworks */,
				FCE6A4E31C5A5E7C0088F5C9 /* Resources */,
			);
			buildRules = (
			);
			dependencies = (
			);
			name = "汽车品牌概览";
			productName = "汽车品牌概览";
			productReference = FCE6A4E51C5A5E7C0088F5C9 /* 汽车品牌概览.app */;
			productType = "com.apple.product-type.application";
		};
/* End PBXNativeTarget section */

/* Begin PBXProject section */
		FCE6A4DD1C5A5E7C0088F5C9 /* Project object */ = {
			isa = PBXProject;
			attributes = {
				LastUpgradeCheck = 0720;
				ORGANIZATIONNAME = Jon;
				TargetAttributes = {
					FCE6A4E41C5A5E7C0088F5C9 = {
						CreatedOnToolsVersion = 7.2;
					};
				};
			};
			buildConfigurationList = FCE6A4E01C5A5E7C0088F5C9 /* Build configuration list for PBXProject "汽车品牌概览" */;
			compatibilityVersion = "Xcode 3.2";
			developmentRegion = English;
			hasScannedForEncodings = 0;
			knownRegions = (
				en,
				Base,
			);
			mainGroup = FCE6A4DC1C5A5E7C0088F5C9;
			productRefGroup = FCE6A4E61C5A5E7C0088F5C9 /* Products */;
			projectDirPath = "";
			projectRoot = "";
			targets = (
				FCE6A4E41C5A5E7C0088F5C9 /* 汽车品牌概览 */,
			);
		};
/* End PBXProject section */

/* Begin PBXResourcesBuildPhase section */
		FCE6A4E31C5A5E7C0088F5C9 /* Resources */ = {
			isa = PBXResourcesBuildPhase;
			buildActionMask = 2147483647;
			files = (
				FCE6A4F81C5A5E7C0088F5C9 /* LaunchScreen.storyboard in Resources */,
				FCE6A4F51C5A5E7C0088F5C9 /* Assets.xcassets in Resources */,
				FCE6A5001C5A5F320088F5C9 /* cars_total.plist in Resources */,
				FCE6A4F31C5A5E7C0088F5C9 /* Main.storyboard in Resources */,
			);
			runOnlyForDeploymentPostprocessing = 0;
		};
/* End PBXResourcesBuildPhase section */

/* Begin PBXSourcesBuildPhase section */
		FCE6A4E11C5A5E7C0088F5C9 /* Sources */ = {
			isa = PBXSourcesBuildPhase;
			buildActionMask = 2147483647;
			files = (
				FCE6A5061C5A6CCC0088F5C9 /* car.m in Sources */,
				FCE6A5031C5A6C840088F5C9 /* carsGroup.m in Sources */,
				FCE6A4F01C5A5E7C0088F5C9 /* ViewController.m in Sources */,
				FCE6A5091C5A78B40088F5C9 /* NSArray+Log.m in Sources */,
				FCE6A4ED1C5A5E7C0088F5C9 /* AppDelegate.m in Sources */,
				FCE6A4EA1C5A5E7C0088F5C9 /* main.m in Sources */,
			);
			runOnlyForDeploymentPostprocessing = 0;
		};
/* End PBXSourcesBuildPhase section */

/* Begin PBXVariantGroup section */
		FCE6A4F11C5A5E7C0088F5C9 /* Main.storyboard */ = {
			isa = PBXVariantGroup;
			children = (
				FCE6A4F21C5A5E7C0088F5C9 /* Base */,
			);
			name = Main.storyboard;
			sourceTree = "<group>";
		};
		FCE6A4F61C5A5E7C0088F5C9 /* LaunchScreen.storyboard */ = {
			isa = PBXVariantGroup;
			children = (
				FCE6A4F71C5A5E7C0088F5C9 /* Base */,
			);
			name = LaunchScreen.storyboard;
			sourceTree = "<group>";
		};
/* End PBXVariantGroup section */

/* Begin XCBuildConfiguration section */
		FCE6A4FA1C5A5E7C0088F5C9 /* Debug */ = {
			isa = XCBuildConfiguration;
			buildSettings = {
				ALWAYS_SEARCH_USER_PATHS = NO;
				CLANG_CXX_LANGUAGE_STANDARD = "gnu++0x";
				CLANG_CXX_LIBRARY = "libc++";
				CLANG_ENABLE_MODULES = YES;
				CLANG_ENABLE_OBJC_ARC = YES;
				CLANG_WARN_BOOL_CONVERSION = YES;
				CLANG_WARN_CONSTANT_CONVERSION = YES;
				CLANG_WARN_DIRECT_OBJC_ISA_USAGE = YES_ERROR;
				CLANG_WARN_EMPTY_BODY = YES;
				CLANG_WARN_ENUM_CONVERSION = YES;
				CLANG_WARN_INT_CONVERSION = YES;
				CLANG_WARN_OBJC_ROOT_CLASS = YES_ERROR;
				CLANG_WARN_UNREACHABLE_CODE = YES;
				CLANG_WARN__DUPLICATE_METHOD_MATCH = YES;
				"CODE_SIGN_IDENTITY[sdk=iphoneos*]" = "iPhone Developer";
				COPY_PHASE_STRIP = NO;
				DEBUG_INFORMATION_FORMAT = dwarf;
				ENABLE_STRICT_OBJC_MSGSEND = YES;
				ENABLE_TESTABILITY = YES;
				GCC_C_LANGUAGE_STANDARD = gnu99;
				GCC_DYNAMIC_NO_PIC = NO;
				GCC_NO_COMMON_BLOCKS = YES;
				GCC_OPTIMIZATION_LEVEL = 0;
				GCC_PREPROCESSOR_DEFINITIONS = (
					"DEBUG=1",
					"$(inherited)",
				);
				GCC_WARN_64_TO_32_BIT_CONVERSION = YES;
				GCC_WARN_ABOUT_RETURN_TYPE = YES_ERROR;
				GCC_WARN_UNDECLARED_SELECTOR = YES;
				GCC_WARN_UNINITIALIZED_AUTOS = YES_AGGRESSIVE;
				GCC_WARN_UNUSED_FUNCTION = YES;
				GCC_WARN_UNUSED_VARIABLE = YES;
				IPHONEOS_DEPLOYMENT_TARGET = 9.2;
				MTL_ENABLE_DEBUG_INFO = YES;
				ONLY_ACTIVE_ARCH = YES;
				SDKROOT = iphoneos;
				TARGETED_DEVICE_FAMILY = "1,2";
			};
			name = Debug;
		};
		FCE6A4FB1C5A5E7C0088F5C9 /* Release */ = {
			isa = XCBuildConfiguration;
			buildSettings = {
				ALWAYS_SEARCH_USER_PATHS = NO;
				CLANG_CXX_LANGUAGE_STANDARD = "gnu++0x";
				CLANG_CXX_LIBRARY = "libc++";
				CLANG_ENABLE_MODULES = YES;
				CLANG_ENABLE_OBJC_ARC = YES;
				CLANG_WARN_BOOL_CONVERSION = YES;
				CLANG_WARN_CONSTANT_CONVERSION = YES;
				CLANG_WARN_DIRECT_OBJC_ISA_USAGE = YES_ERROR;
				CLANG_WARN_EMPTY_BODY = YES;
				CLANG_WARN_ENUM_CONVERSION = YES;
				CLANG_WARN_INT_CONVERSION = YES;
				CLANG_WARN_OBJC_ROOT_CLASS = YES_ERROR;
				CLANG_WARN_UNREACHABLE_CODE = YES;
				CLANG_WARN__DUPLICATE_METHOD_MATCH = YES;
				"CODE_SIGN_IDENTITY[sdk=iphoneos*]" = "iPhone Developer";
				COPY_PHASE_STRIP = NO;
				DEBUG_INFORMATION_FORMAT = "dwarf-with-dsym";
				ENABLE_NS_ASSERTIONS = NO;
				ENABLE_STRICT_OBJC_MSGSEND = YES;
				GCC_C_LANGUAGE_STANDARD = gnu99;
				GCC_NO_COMMON_BLOCKS = YES;
				GCC_WARN_64_TO_32_BIT_CONVERSION = YES;
				GCC_WARN_ABOUT_RETURN_TYPE = YES_ERROR;
				GCC_WARN_UNDECLARED_SELECTOR = YES;
				GCC_WARN_UNINITIALIZED_AUTOS = YES_AGGRESSIVE;
				GCC_WARN_UNUSED_FUNCTION = YES;
				GCC_WARN_UNUSED_VARIABLE = YES;
				IPHONEOS_DEPLOYMENT_TARGET = 9.2;
				MTL_ENABLE_DEBUG_INFO = NO;
				SDKROOT = iphoneos;
				TARGETED_DEVICE_FAMILY = "1,2";
				VALIDATE_PRODUCT = YES;
			};
			name = Release;
		};
		FCE6A4FD1C5A5E7C0088F5C9 /* Debug */ = {
			isa = XCBuildConfiguration;
			buildSettings = {
				ASSETCATALOG_COMPILER_APPICON_NAME = AppIcon;
				INFOPLIST_FILE = "汽车品牌概览/Info.plist";
				LD_RUNPATH_SEARCH_PATHS = "$(inherited) @executable_path/Frameworks";
				PRODUCT_BUNDLE_IDENTIFIER = "Jon.------";
				PRODUCT_NAME = "$(TARGET_NAME)";
			};
			name = Debug;
		};
		FCE6A4FE1C5A5E7C0088F5C9 /* Release */ = {
			isa = XCBuildConfiguration;
			buildSettings = {
				ASSETCATALOG_COMPILER_APPICON_NAME = AppIcon;
				INFOPLIST_FILE = "汽车品牌概览/Info.plist";
				LD_RUNPATH_SEARCH_PATHS = "$(inherited) @executable_path/Frameworks";
				PRODUCT_BUNDLE_IDENTIFIER = "Jon.------";
				PRODUCT_NAME = "$(TARGET_NAME)";
			};
			name = Release;
		};
/* End XCBuildConfiguration section */

/* Begin XCConfigurationList section */
		FCE6A4E01C5A5E7C0088F5C9 /* Build configuration list for PBXProject "汽车品牌概览" */ = {
			isa = XCConfigurationList;
			buildConfigurations = (
				FCE6A4FA1C5A5E7C0088F5C9 /* Debug */,
				FCE6A4FB1C5A5E7C0088F5C9 /* Release */,
			);
			defaultConfigurationIsVisible = 0;
			defaultConfigurationName = Release;
		};
		FCE6A4FC1C5A5E7C0088F5C9 /* Build configuration list for PBXNativeTarget "汽车品牌概览" */ = {
			isa = XCConfigurationList;
			buildConfigurations = (
				FCE6A4FD1C5A5E7C0088F5C9 /* Debug */,
				FCE6A4FE1C5A5E7C0088F5C9 /* Release */,
			);
			defaultConfigurationIsVisible = 0;
		};
/* End XCConfigurationList section */
	};
	rootObject = FCE6A4DD1C5A5E7C0088F5C9 /* Project object */;
}
