// !$*UTF8*$!
{
	archiveVersion = 1;
	classes = {
	};
	objectVersion = 46;
	objects = {

/* Begin PBXBuildFile section */
		FC70F4F61C317131009484B8 /* main.m in Sources */ = {isa = PBXBuildFile; fileRef = FC70F4F51C317131009484B8 /* main.m */; };
		FC70F4FE1C317171009484B8 /* Person.m in Sources */ = {isa = PBXBuildFile; fileRef = FC70F4FD1C317171009484B8 /* Person.m */; };
/* End PBXBuildFile section */

/* Begin PBXCopyFilesBuildPhase section */
		FC70F4F01C317131009484B8 /* CopyFiles */ = {
			isa = PBXCopyFilesBuildPhase;
			buildActionMask = 2147483647;
			dstPath = /usr/share/man/man1/;
			dstSubfolderSpec = 0;
			files = (
			);
			runOnlyForDeploymentPostprocessing = 1;
		};
/* End PBXCopyFilesBuildPhase section */

/* Begin PBXFileReference section */
		FC70F4F21C317131009484B8 /* @property_and_@synthesize */ = {isa = PBXFileReference; explicitFileType = "compiled.mach-o.executable"; includeInIndex = 0; path = "@property_and_@synthesize"; sourceTree = BUILT_PRODUCTS_DIR; };
		FC70F4F51C317131009484B8 /* main.m */ = {isa = PBXFileReference; lastKnownFileType = sourcecode.c.objc; path = main.m; sourceTree = "<group>"; };
		FC70F4FC1C317171009484B8 /* Person.h */ = {isa = PBXFileReference; fileEncoding = 4; lastKnownFileType = sourcecode.c.h; path = Person.h; sourceTree = "<group>"; };
		FC70F4FD1C317171009484B8 /* Person.m */ = {isa = PBXFileReference; fileEncoding = 4; lastKnownFileType = sourcecode.c.objc; path = Person.m; sourceTree = "<group>"; };
/* End PBXFileReference section */

/* Begin PBXFrameworksBuildPhase section */
		FC70F4EF1C317131009484B8 /* Frameworks */ = {
			isa = PBXFrameworksBuildPhase;
			buildActionMask = 2147483647;
			files = (
			);
			runOnlyForDeploymentPostprocessing = 0;
		};
/* End PBXFrameworksBuildPhase section */

/* Begin PBXGroup section */
		FC70F4E91C317131009484B8 = {
			isa = PBXGroup;
			children = (
				FC70F4F41C317131009484B8 /* @property_and_@synthesize */,
				FC70F4F31C317131009484B8 /* Products */,
			);
			sourceTree = "<group>";
		};
		FC70F4F31C317131009484B8 /* Products */ = {
			isa = PBXGroup;
			children = (
				FC70F4F21C317131009484B8 /* @property_and_@synthesize */,
			);
			name = Products;
			sourceTree = "<group>";
		};
		FC70F4F41C317131009484B8 /* @property_and_@synthesize */ = {
			isa = PBXGroup;
			children = (
				FC70F4F51C317131009484B8 /* main.m */,
				FC70F4FC1C317171009484B8 /* Person.h */,
				FC70F4FD1C317171009484B8 /* Person.m */,
			);
			path = "@property_and_@synthesize";
			sourceTree = "<group>";
		};
/* End PBXGroup section */

/* Begin PBXNativeTarget section */
		FC70F4F11C317131009484B8 /* @property_and_@synthesize */ = {
			isa = PBXNativeTarget;
			buildConfigurationList = FC70F4F91C317131009484B8 /* Build configuration list for PBXNativeTarget "@property_and_@synthesize" */;
			buildPhases = (
				FC70F4EE1C317131009484B8 /* Sources */,
				FC70F4EF1C317131009484B8 /* Frameworks */,
				FC70F4F01C317131009484B8 /* CopyFiles */,
			);
			buildRules = (
			);
			dependencies = (
			);
			name = "@property_and_@synthesize";
			productName = "@property_and_@synthesize";
			productReference = FC70F4F21C317131009484B8 /* @property_and_@synthesize */;
			productType = "com.apple.product-type.tool";
		};
/* End PBXNativeTarget section */

/* Begin PBXProject section */
		FC70F4EA1C317131009484B8 /* Project object */ = {
			isa = PBXProject;
			attributes = {
				LastUpgradeCheck = 0720;
				ORGANIZATIONNAME = "  益康 陈";
				TargetAttributes = {
					FC70F4F11C317131009484B8 = {
						CreatedOnToolsVersion = 7.2;
					};
				};
			};
			buildConfigurationList = FC70F4ED1C317131009484B8 /* Build configuration list for PBXProject "@property_and_@synthesize" */;
			compatibilityVersion = "Xcode 3.2";
			developmentRegion = English;
			hasScannedForEncodings = 0;
			knownRegions = (
				en,
			);
			mainGroup = FC70F4E91C317131009484B8;
			productRefGroup = FC70F4F31C317131009484B8 /* Products */;
			projectDirPath = "";
			projectRoot = "";
			targets = (
				FC70F4F11C317131009484B8 /* @property_and_@synthesize */,
			);
		};
/* End PBXProject section */

/* Begin PBXSourcesBuildPhase section */
		FC70F4EE1C317131009484B8 /* Sources */ = {
			isa = PBXSourcesBuildPhase;
			buildActionMask = 2147483647;
			files = (
				FC70F4FE1C317171009484B8 /* Person.m in Sources */,
				FC70F4F61C317131009484B8 /* main.m in Sources */,
			);
			runOnlyForDeploymentPostprocessing = 0;
		};
/* End PBXSourcesBuildPhase section */

/* Begin XCBuildConfiguration section */
		FC70F4F71C317131009484B8 /* Debug */ = {
			isa = XCBuildConfiguration;
			buildSettings = {
				ALWAYS_SEARCH_USER_PATHS = NO;
				CLANG_CXX_LANGUAGE_STANDARD = "gnu++0x";
				CLANG_CXX_LIBRARY = "libc++";
				CLANG_ENABLE_MODULES = YES;
				CLANG_ENABLE_OBJC_ARC = YES;
				CLANG_WARN_BOOL_CONVERSION = YES;
				CLANG_WARN_CONSTANT_CONVERSION = YES;
				CLANG_WARN_DIRECT_OBJC_ISA_USAGE = YES_ERROR;
				CLANG_WARN_EMPTY_BODY = YES;
				CLANG_WARN_ENUM_CONVERSION = YES;
				CLANG_WARN_INT_CONVERSION = YES;
				CLANG_WARN_OBJC_ROOT_CLASS = YES_ERROR;
				CLANG_WARN_UNREACHABLE_CODE = YES;
				CLANG_WARN__DUPLICATE_METHOD_MATCH = YES;
				CODE_SIGN_IDENTITY = "-";
				COPY_PHASE_STRIP = NO;
				DEBUG_INFORMATION_FORMAT = dwarf;
				ENABLE_STRICT_OBJC_MSGSEND = YES;
				ENABLE_TESTABILITY = YES;
				GCC_C_LANGUAGE_STANDARD = gnu99;
				GCC_DYNAMIC_NO_PIC = NO;
				GCC_NO_COMMON_BLOCKS = YES;
				GCC_OPTIMIZATION_LEVEL = 0;
				GCC_PREPROCESSOR_DEFINITIONS = (
					"DEBUG=1",
					"$(inherited)",
				);
				GCC_WARN_64_TO_32_BIT_CONVERSION = YES;
				GCC_WARN_ABOUT_RETURN_TYPE = YES_ERROR;
				GCC_WARN_UNDECLARED_SELECTOR = YES;
				GCC_WARN_UNINITIALIZED_AUTOS = YES_AGGRESSIVE;
				GCC_WARN_UNUSED_FUNCTION = YES;
				GCC_WARN_UNUSED_VARIABLE = YES;
				MACOSX_DEPLOYMENT_TARGET = 10.11;
				MTL_ENABLE_DEBUG_INFO = YES;
				ONLY_ACTIVE_ARCH = YES;
				SDKROOT = macosx;
			};
			name = Debug;
		};
		FC70F4F81C317131009484B8 /* Release */ = {
			isa = XCBuildConfiguration;
			buildSettings = {
				ALWAYS_SEARCH_USER_PATHS = NO;
				CLANG_CXX_LANGUAGE_STANDARD = "gnu++0x";
				CLANG_CXX_LIBRARY = "libc++";
				CLANG_ENABLE_MODULES = YES;
				CLANG_ENABLE_OBJC_ARC = YES;
				CLANG_WARN_BOOL_CONVERSION = YES;
				CLANG_WARN_CONSTANT_CONVERSION = YES;
				CLANG_WARN_DIRECT_OBJC_ISA_USAGE = YES_ERROR;
				CLANG_WARN_EMPTY_BODY = YES;
				CLANG_WARN_ENUM_CONVERSION = YES;
				CLANG_WARN_INT_CONVERSION = YES;
				CLANG_WARN_OBJC_ROOT_CLASS = YES_ERROR;
				CLANG_WARN_UNREACHABLE_CODE = YES;
				CLANG_WARN__DUPLICATE_METHOD_MATCH = YES;
				CODE_SIGN_IDENTITY = "-";
				COPY_PHASE_STRIP = NO;
				DEBUG_INFORMATION_FORMAT = "dwarf-with-dsym";
				ENABLE_NS_ASSERTIONS = NO;
				ENABLE_STRICT_OBJC_MSGSEND = YES;
				GCC_C_LANGUAGE_STANDARD = gnu99;
				GCC_NO_COMMON_BLOCKS = YES;
				GCC_WARN_64_TO_32_BIT_CONVERSION = YES;
				GCC_WARN_ABOUT_RETURN_TYPE = YES_ERROR;
				GCC_WARN_UNDECLARED_SELECTOR = YES;
				GCC_WARN_UNINITIALIZED_AUTOS = YES_AGGRESSIVE;
				GCC_WARN_UNUSED_FUNCTION = YES;
				GCC_WARN_UNUSED_VARIABLE = YES;
				MACOSX_DEPLOYMENT_TARGET = 10.11;
				MTL_ENABLE_DEBUG_INFO = NO;
				SDKROOT = macosx;
			};
			name = Release;
		};
		FC70F4FA1C317131009484B8 /* Debug */ = {
			isa = XCBuildConfiguration;
			buildSettings = {
				PRODUCT_NAME = "$(TARGET_NAME)";
			};
			name = Debug;
		};
		FC70F4FB1C317131009484B8 /* Release */ = {
			isa = XCBuildConfiguration;
			buildSettings = {
				PRODUCT_NAME = "$(TARGET_NAME)";
			};
			name = Release;
		};
/* End XCBuildConfiguration section */

/* Begin XCConfigurationList section */
		FC70F4ED1C317131009484B8 /* Build configuration list for PBXProject "@property_and_@synthesize" */ = {
			isa = XCConfigurationList;
			buildConfigurations = (
				FC70F4F71C317131009484B8 /* Debug */,
				FC70F4F81C317131009484B8 /* Release */,
			);
			defaultConfigurationIsVisible = 0;
			defaultConfigurationName = Release;
		};
		FC70F4F91C317131009484B8 /* Build configuration list for PBXNativeTarget "@property_and_@synthesize" */ = {
			isa = XCConfigurationList;
			buildConfigurations = (
				FC70F4FA1C317131009484B8 /* Debug */,
				FC70F4FB1C317131009484B8 /* Release */,
			);
			defaultConfigurationIsVisible = 0;
		};
/* End XCConfigurationList section */
	};
	rootObject = FC70F4EA1C317131009484B8 /* Project object */;
}
