// !$*UTF8*$!
{
	archiveVersion = 1;
	classes = {
	};
	objectVersion = 46;
	objects = {

/* Begin PBXBuildFile section */
		FCA9CD621C4147D8009CC052 /* main.m in Sources */ = {isa = PBXBuildFile; fileRef = FCA9CD611C4147D8009CC052 /* main.m */; };
		FCA9CD6A1C414805009CC052 /* Bar_and_Foo.m in Sources */ = {isa = PBXBuildFile; fileRef = FCA9CD691C414805009CC052 /* Bar_and_Foo.m */; };
/* End PBXBuildFile section */

/* Begin PBXCopyFilesBuildPhase section */
		FCA9CD5C1C4147D8009CC052 /* CopyFiles */ = {
			isa = PBXCopyFilesBuildPhase;
			buildActionMask = 2147483647;
			dstPath = /usr/share/man/man1/;
			dstSubfolderSpec = 0;
			files = (
			);
			runOnlyForDeploymentPostprocessing = 1;
		};
/* End PBXCopyFilesBuildPhase section */

/* Begin PBXFileReference section */
		FCA9CD5E1C4147D8009CC052 /* KVC_1 */ = {isa = PBXFileReference; explicitFileType = "compiled.mach-o.executable"; includeInIndex = 0; path = KVC_1; sourceTree = BUILT_PRODUCTS_DIR; };
		FCA9CD611C4147D8009CC052 /* main.m */ = {isa = PBXFileReference; lastKnownFileType = sourcecode.c.objc; path = main.m; sourceTree = "<group>"; };
		FCA9CD681C414805009CC052 /* Bar_and_Foo.h */ = {isa = PBXFileReference; fileEncoding = 4; lastKnownFileType = sourcecode.c.h; path = Bar_and_Foo.h; sourceTree = "<group>"; };
		FCA9CD691C414805009CC052 /* Bar_and_Foo.m */ = {isa = PBXFileReference; fileEncoding = 4; lastKnownFileType = sourcecode.c.objc; path = Bar_and_Foo.m; sourceTree = "<group>"; };
/* End PBXFileReference section */

/* Begin PBXFrameworksBuildPhase section */
		FCA9CD5B1C4147D8009CC052 /* Frameworks */ = {
			isa = PBXFrameworksBuildPhase;
			buildActionMask = 2147483647;
			files = (
			);
			runOnlyForDeploymentPostprocessing = 0;
		};
/* End PBXFrameworksBuildPhase section */

/* Begin PBXGroup section */
		FCA9CD551C4147D8009CC052 = {
			isa = PBXGroup;
			children = (
				FCA9CD601C4147D8009CC052 /* KVC_1 */,
				FCA9CD5F1C4147D8009CC052 /* Products */,
			);
			sourceTree = "<group>";
		};
		FCA9CD5F1C4147D8009CC052 /* Products */ = {
			isa = PBXGroup;
			children = (
				FCA9CD5E1C4147D8009CC052 /* KVC_1 */,
			);
			name = Products;
			sourceTree = "<group>";
		};
		FCA9CD601C4147D8009CC052 /* KVC_1 */ = {
			isa = PBXGroup;
			children = (
				FCA9CD611C4147D8009CC052 /* main.m */,
				FCA9CD681C414805009CC052 /* Bar_and_Foo.h */,
				FCA9CD691C414805009CC052 /* Bar_and_Foo.m */,
			);
			path = KVC_1;
			sourceTree = "<group>";
		};
/* End PBXGroup section */

/* Begin PBXNativeTarget section */
		FCA9CD5D1C4147D8009CC052 /* KVC_1 */ = {
			isa = PBXNativeTarget;
			buildConfigurationList = FCA9CD651C4147D8009CC052 /* Build configuration list for PBXNativeTarget "KVC_1" */;
			buildPhases = (
				FCA9CD5A1C4147D8009CC052 /* Sources */,
				FCA9CD5B1C4147D8009CC052 /* Frameworks */,
				FCA9CD5C1C4147D8009CC052 /* CopyFiles */,
			);
			buildRules = (
			);
			dependencies = (
			);
			name = KVC_1;
			productName = KVC_1;
			productReference = FCA9CD5E1C4147D8009CC052 /* KVC_1 */;
			productType = "com.apple.product-type.tool";
		};
/* End PBXNativeTarget section */

/* Begin PBXProject section */
		FCA9CD561C4147D8009CC052 /* Project object */ = {
			isa = PBXProject;
			attributes = {
				LastUpgradeCheck = 0720;
				ORGANIZATIONNAME = Jon;
				TargetAttributes = {
					FCA9CD5D1C4147D8009CC052 = {
						CreatedOnToolsVersion = 7.2;
					};
				};
			};
			buildConfigurationList = FCA9CD591C4147D8009CC052 /* Build configuration list for PBXProject "KVC_1" */;
			compatibilityVersion = "Xcode 3.2";
			developmentRegion = English;
			hasScannedForEncodings = 0;
			knownRegions = (
				en,
			);
			mainGroup = FCA9CD551C4147D8009CC052;
			productRefGroup = FCA9CD5F1C4147D8009CC052 /* Products */;
			projectDirPath = "";
			projectRoot = "";
			targets = (
				FCA9CD5D1C4147D8009CC052 /* KVC_1 */,
			);
		};
/* End PBXProject section */

/* Begin PBXSourcesBuildPhase section */
		FCA9CD5A1C4147D8009CC052 /* Sources */ = {
			isa = PBXSourcesBuildPhase;
			buildActionMask = 2147483647;
			files = (
				FCA9CD6A1C414805009CC052 /* Bar_and_Foo.m in Sources */,
				FCA9CD621C4147D8009CC052 /* main.m in Sources */,
			);
			runOnlyForDeploymentPostprocessing = 0;
		};
/* End PBXSourcesBuildPhase section */

/* Begin XCBuildConfiguration section */
		FCA9CD631C4147D8009CC052 /* Debug */ = {
			isa = XCBuildConfiguration;
			buildSettings = {
				ALWAYS_SEARCH_USER_PATHS = NO;
				CLANG_CXX_LANGUAGE_STANDARD = "gnu++0x";
				CLANG_CXX_LIBRARY = "libc++";
				CLANG_ENABLE_MODULES = YES;
				CLANG_ENABLE_OBJC_ARC = YES;
				CLANG_WARN_BOOL_CONVERSION = YES;
				CLANG_WARN_CONSTANT_CONVERSION = YES;
				CLANG_WARN_DIRECT_OBJC_ISA_USAGE = YES_ERROR;
				CLANG_WARN_EMPTY_BODY = YES;
				CLANG_WARN_ENUM_CONVERSION = YES;
				CLANG_WARN_INT_CONVERSION = YES;
				CLANG_WARN_OBJC_ROOT_CLASS = YES_ERROR;
				CLANG_WARN_UNREACHABLE_CODE = YES;
				CLANG_WARN__DUPLICATE_METHOD_MATCH = YES;
				CODE_SIGN_IDENTITY = "-";
				COPY_PHASE_STRIP = NO;
				DEBUG_INFORMATION_FORMAT = dwarf;
				ENABLE_STRICT_OBJC_MSGSEND = YES;
				ENABLE_TESTABILITY = YES;
				GCC_C_LANGUAGE_STANDARD = gnu99;
				GCC_DYNAMIC_NO_PIC = NO;
				GCC_NO_COMMON_BLOCKS = YES;
				GCC_OPTIMIZATION_LEVEL = 0;
				GCC_PREPROCESSOR_DEFINITIONS = (
					"DEBUG=1",
					"$(inherited)",
				);
				GCC_WARN_64_TO_32_BIT_CONVERSION = YES;
				GCC_WARN_ABOUT_RETURN_TYPE = YES_ERROR;
				GCC_WARN_UNDECLARED_SELECTOR = YES;
				GCC_WARN_UNINITIALIZED_AUTOS = YES_AGGRESSIVE;
				GCC_WARN_UNUSED_FUNCTION = YES;
				GCC_WARN_UNUSED_VARIABLE = YES;
				MACOSX_DEPLOYMENT_TARGET = 10.11;
				MTL_ENABLE_DEBUG_INFO = YES;
				ONLY_ACTIVE_ARCH = YES;
				SDKROOT = macosx;
			};
			name = Debug;
		};
		FCA9CD641C4147D8009CC052 /* Release */ = {
			isa = XCBuildConfiguration;
			buildSettings = {
				ALWAYS_SEARCH_USER_PATHS = NO;
				CLANG_CXX_LANGUAGE_STANDARD = "gnu++0x";
				CLANG_CXX_LIBRARY = "libc++";
				CLANG_ENABLE_MODULES = YES;
				CLANG_ENABLE_OBJC_ARC = YES;
				CLANG_WARN_BOOL_CONVERSION = YES;
				CLANG_WARN_CONSTANT_CONVERSION = YES;
				CLANG_WARN_DIRECT_OBJC_ISA_USAGE = YES_ERROR;
				CLANG_WARN_EMPTY_BODY = YES;
				CLANG_WARN_ENUM_CONVERSION = YES;
				CLANG_WARN_INT_CONVERSION = YES;
				CLANG_WARN_OBJC_ROOT_CLASS = YES_ERROR;
				CLANG_WARN_UNREACHABLE_CODE = YES;
				CLANG_WARN__DUPLICATE_METHOD_MATCH = YES;
				CODE_SIGN_IDENTITY = "-";
				COPY_PHASE_STRIP = NO;
				DEBUG_INFORMATION_FORMAT = "dwarf-with-dsym";
				ENABLE_NS_ASSERTIONS = NO;
				ENABLE_STRICT_OBJC_MSGSEND = YES;
				GCC_C_LANGUAGE_STANDARD = gnu99;
				GCC_NO_COMMON_BLOCKS = YES;
				GCC_WARN_64_TO_32_BIT_CONVERSION = YES;
				GCC_WARN_ABOUT_RETURN_TYPE = YES_ERROR;
				GCC_WARN_UNDECLARED_SELECTOR = YES;
				GCC_WARN_UNINITIALIZED_AUTOS = YES_AGGRESSIVE;
				GCC_WARN_UNUSED_FUNCTION = YES;
				GCC_WARN_UNUSED_VARIABLE = YES;
				MACOSX_DEPLOYMENT_TARGET = 10.11;
				MTL_ENABLE_DEBUG_INFO = NO;
				SDKROOT = macosx;
			};
			name = Release;
		};
		FCA9CD661C4147D8009CC052 /* Debug */ = {
			isa = XCBuildConfiguration;
			buildSettings = {
				PRODUCT_NAME = "$(TARGET_NAME)";
			};
			name = Debug;
		};
		FCA9CD671C4147D8009CC052 /* Release */ = {
			isa = XCBuildConfiguration;
			buildSettings = {
				PRODUCT_NAME = "$(TARGET_NAME)";
			};
			name = Release;
		};
/* End XCBuildConfiguration section */

/* Begin XCConfigurationList section */
		FCA9CD591C4147D8009CC052 /* Build configuration list for PBXProject "KVC_1" */ = {
			isa = XCConfigurationList;
			buildConfigurations = (
				FCA9CD631C4147D8009CC052 /* Debug */,
				FCA9CD641C4147D8009CC052 /* Release */,
			);
			defaultConfigurationIsVisible = 0;
			defaultConfigurationName = Release;
		};
		FCA9CD651C4147D8009CC052 /* Build configuration list for PBXNativeTarget "KVC_1" */ = {
			isa = XCConfigurationList;
			buildConfigurations = (
				FCA9CD661C4147D8009CC052 /* Debug */,
				FCA9CD671C4147D8009CC052 /* Release */,
			);
			defaultConfigurationIsVisible = 0;
		};
/* End XCConfigurationList section */
	};
	rootObject = FCA9CD561C4147D8009CC052 /* Project object */;
}
