// !$*UTF8*$!
{
	archiveVersion = 1;
	classes = {
	};
	objectVersion = 46;
	objects = {

/* Begin PBXBuildFile section */
		FC8875761C3BA28300ECB9E2 /* main.m in Sources */ = {isa = PBXBuildFile; fileRef = FC8875751C3BA28300ECB9E2 /* main.m */; };
		FC88757E1C3BA29800ECB9E2 /* Person.m in Sources */ = {isa = PBXBuildFile; fileRef = FC88757D1C3BA29800ECB9E2 /* Person.m */; };
/* End PBXBuildFile section */

/* Begin PBXCopyFilesBuildPhase section */
		FC8875701C3BA28300ECB9E2 /* CopyFiles */ = {
			isa = PBXCopyFilesBuildPhase;
			buildActionMask = 2147483647;
			dstPath = /usr/share/man/man1/;
			dstSubfolderSpec = 0;
			files = (
			);
			runOnlyForDeploymentPostprocessing = 1;
		};
/* End PBXCopyFilesBuildPhase section */

/* Begin PBXFileReference section */
		FC8875721C3BA28300ECB9E2 /* -description_and_+description */ = {isa = PBXFileReference; explicitFileType = "compiled.mach-o.executable"; includeInIndex = 0; path = "-description_and_+description"; sourceTree = BUILT_PRODUCTS_DIR; };
		FC8875751C3BA28300ECB9E2 /* main.m */ = {isa = PBXFileReference; lastKnownFileType = sourcecode.c.objc; path = main.m; sourceTree = "<group>"; };
		FC88757C1C3BA29800ECB9E2 /* Person.h */ = {isa = PBXFileReference; fileEncoding = 4; lastKnownFileType = sourcecode.c.h; path = Person.h; sourceTree = "<group>"; };
		FC88757D1C3BA29800ECB9E2 /* Person.m */ = {isa = PBXFileReference; fileEncoding = 4; lastKnownFileType = sourcecode.c.objc; path = Person.m; sourceTree = "<group>"; };
/* End PBXFileReference section */

/* Begin PBXFrameworksBuildPhase section */
		FC88756F1C3BA28300ECB9E2 /* Frameworks */ = {
			isa = PBXFrameworksBuildPhase;
			buildActionMask = 2147483647;
			files = (
			);
			runOnlyForDeploymentPostprocessing = 0;
		};
/* End PBXFrameworksBuildPhase section */

/* Begin PBXGroup section */
		FC8875691C3BA28300ECB9E2 = {
			isa = PBXGroup;
			children = (
				FC8875741C3BA28300ECB9E2 /* -description_and_+description */,
				FC8875731C3BA28300ECB9E2 /* Products */,
			);
			sourceTree = "<group>";
		};
		FC8875731C3BA28300ECB9E2 /* Products */ = {
			isa = PBXGroup;
			children = (
				FC8875721C3BA28300ECB9E2 /* -description_and_+description */,
			);
			name = Products;
			sourceTree = "<group>";
		};
		FC8875741C3BA28300ECB9E2 /* -description_and_+description */ = {
			isa = PBXGroup;
			children = (
				FC8875751C3BA28300ECB9E2 /* main.m */,
				FC88757C1C3BA29800ECB9E2 /* Person.h */,
				FC88757D1C3BA29800ECB9E2 /* Person.m */,
			);
			path = "-description_and_+description";
			sourceTree = "<group>";
		};
/* End PBXGroup section */

/* Begin PBXNativeTarget section */
		FC8875711C3BA28300ECB9E2 /* -description_and_+description */ = {
			isa = PBXNativeTarget;
			buildConfigurationList = FC8875791C3BA28300ECB9E2 /* Build configuration list for PBXNativeTarget "-description_and_+description" */;
			buildPhases = (
				FC88756E1C3BA28300ECB9E2 /* Sources */,
				FC88756F1C3BA28300ECB9E2 /* Frameworks */,
				FC8875701C3BA28300ECB9E2 /* CopyFiles */,
			);
			buildRules = (
			);
			dependencies = (
			);
			name = "-description_and_+description";
			productName = "-description_and_+description";
			productReference = FC8875721C3BA28300ECB9E2 /* -description_and_+description */;
			productType = "com.apple.product-type.tool";
		};
/* End PBXNativeTarget section */

/* Begin PBXProject section */
		FC88756A1C3BA28300ECB9E2 /* Project object */ = {
			isa = PBXProject;
			attributes = {
				LastUpgradeCheck = 0720;
				ORGANIZATIONNAME = Jon;
				TargetAttributes = {
					FC8875711C3BA28300ECB9E2 = {
						CreatedOnToolsVersion = 7.2;
					};
				};
			};
			buildConfigurationList = FC88756D1C3BA28300ECB9E2 /* Build configuration list for PBXProject "-description_and_+description" */;
			compatibilityVersion = "Xcode 3.2";
			developmentRegion = English;
			hasScannedForEncodings = 0;
			knownRegions = (
				en,
			);
			mainGroup = FC8875691C3BA28300ECB9E2;
			productRefGroup = FC8875731C3BA28300ECB9E2 /* Products */;
			projectDirPath = "";
			projectRoot = "";
			targets = (
				FC8875711C3BA28300ECB9E2 /* -description_and_+description */,
			);
		};
/* End PBXProject section */

/* Begin PBXSourcesBuildPhase section */
		FC88756E1C3BA28300ECB9E2 /* Sources */ = {
			isa = PBXSourcesBuildPhase;
			buildActionMask = 2147483647;
			files = (
				FC88757E1C3BA29800ECB9E2 /* Person.m in Sources */,
				FC8875761C3BA28300ECB9E2 /* main.m in Sources */,
			);
			runOnlyForDeploymentPostprocessing = 0;
		};
/* End PBXSourcesBuildPhase section */

/* Begin XCBuildConfiguration section */
		FC8875771C3BA28300ECB9E2 /* Debug */ = {
			isa = XCBuildConfiguration;
			buildSettings = {
				ALWAYS_SEARCH_USER_PATHS = NO;
				CLANG_CXX_LANGUAGE_STANDARD = "gnu++0x";
				CLANG_CXX_LIBRARY = "libc++";
				CLANG_ENABLE_MODULES = YES;
				CLANG_ENABLE_OBJC_ARC = YES;
				CLANG_WARN_BOOL_CONVERSION = YES;
				CLANG_WARN_CONSTANT_CONVERSION = YES;
				CLANG_WARN_DIRECT_OBJC_ISA_USAGE = YES_ERROR;
				CLANG_WARN_EMPTY_BODY = YES;
				CLANG_WARN_ENUM_CONVERSION = YES;
				CLANG_WARN_INT_CONVERSION = YES;
				CLANG_WARN_OBJC_ROOT_CLASS = YES_ERROR;
				CLANG_WARN_UNREACHABLE_CODE = YES;
				CLANG_WARN__DUPLICATE_METHOD_MATCH = YES;
				CODE_SIGN_IDENTITY = "-";
				COPY_PHASE_STRIP = NO;
				DEBUG_INFORMATION_FORMAT = dwarf;
				ENABLE_STRICT_OBJC_MSGSEND = YES;
				ENABLE_TESTABILITY = YES;
				GCC_C_LANGUAGE_STANDARD = gnu99;
				GCC_DYNAMIC_NO_PIC = NO;
				GCC_NO_COMMON_BLOCKS = YES;
				GCC_OPTIMIZATION_LEVEL = 0;
				GCC_PREPROCESSOR_DEFINITIONS = (
					"DEBUG=1",
					"$(inherited)",
				);
				GCC_WARN_64_TO_32_BIT_CONVERSION = YES;
				GCC_WARN_ABOUT_RETURN_TYPE = YES_ERROR;
				GCC_WARN_UNDECLARED_SELECTOR = YES;
				GCC_WARN_UNINITIALIZED_AUTOS = YES_AGGRESSIVE;
				GCC_WARN_UNUSED_FUNCTION = YES;
				GCC_WARN_UNUSED_VARIABLE = YES;
				MACOSX_DEPLOYMENT_TARGET = 10.11;
				MTL_ENABLE_DEBUG_INFO = YES;
				ONLY_ACTIVE_ARCH = YES;
				SDKROOT = macosx;
			};
			name = Debug;
		};
		FC8875781C3BA28300ECB9E2 /* Release */ = {
			isa = XCBuildConfiguration;
			buildSettings = {
				ALWAYS_SEARCH_USER_PATHS = NO;
				CLANG_CXX_LANGUAGE_STANDARD = "gnu++0x";
				CLANG_CXX_LIBRARY = "libc++";
				CLANG_ENABLE_MODULES = YES;
				CLANG_ENABLE_OBJC_ARC = YES;
				CLANG_WARN_BOOL_CONVERSION = YES;
				CLANG_WARN_CONSTANT_CONVERSION = YES;
				CLANG_WARN_DIRECT_OBJC_ISA_USAGE = YES_ERROR;
				CLANG_WARN_EMPTY_BODY = YES;
				CLANG_WARN_ENUM_CONVERSION = YES;
				CLANG_WARN_INT_CONVERSION = YES;
				CLANG_WARN_OBJC_ROOT_CLASS = YES_ERROR;
				CLANG_WARN_UNREACHABLE_CODE = YES;
				CLANG_WARN__DUPLICATE_METHOD_MATCH = YES;
				CODE_SIGN_IDENTITY = "-";
				COPY_PHASE_STRIP = NO;
				DEBUG_INFORMATION_FORMAT = "dwarf-with-dsym";
				ENABLE_NS_ASSERTIONS = NO;
				ENABLE_STRICT_OBJC_MSGSEND = YES;
				GCC_C_LANGUAGE_STANDARD = gnu99;
				GCC_NO_COMMON_BLOCKS = YES;
				GCC_WARN_64_TO_32_BIT_CONVERSION = YES;
				GCC_WARN_ABOUT_RETURN_TYPE = YES_ERROR;
				GCC_WARN_UNDECLARED_SELECTOR = YES;
				GCC_WARN_UNINITIALIZED_AUTOS = YES_AGGRESSIVE;
				GCC_WARN_UNUSED_FUNCTION = YES;
				GCC_WARN_UNUSED_VARIABLE = YES;
				MACOSX_DEPLOYMENT_TARGET = 10.11;
				MTL_ENABLE_DEBUG_INFO = NO;
				SDKROOT = macosx;
			};
			name = Release;
		};
		FC88757A1C3BA28300ECB9E2 /* Debug */ = {
			isa = XCBuildConfiguration;
			buildSettings = {
				PRODUCT_NAME = "$(TARGET_NAME)";
			};
			name = Debug;
		};
		FC88757B1C3BA28300ECB9E2 /* Release */ = {
			isa = XCBuildConfiguration;
			buildSettings = {
				PRODUCT_NAME = "$(TARGET_NAME)";
			};
			name = Release;
		};
/* End XCBuildConfiguration section */

/* Begin XCConfigurationList section */
		FC88756D1C3BA28300ECB9E2 /* Build configuration list for PBXProject "-description_and_+description" */ = {
			isa = XCConfigurationList;
			buildConfigurations = (
				FC8875771C3BA28300ECB9E2 /* Debug */,
				FC8875781C3BA28300ECB9E2 /* Release */,
			);
			defaultConfigurationIsVisible = 0;
			defaultConfigurationName = Release;
		};
		FC8875791C3BA28300ECB9E2 /* Build configuration list for PBXNativeTarget "-description_and_+description" */ = {
			isa = XCConfigurationList;
			buildConfigurations = (
				FC88757A1C3BA28300ECB9E2 /* Debug */,
				FC88757B1C3BA28300ECB9E2 /* Release */,
			);
			defaultConfigurationIsVisible = 0;
		};
/* End XCConfigurationList section */
	};
	rootObject = FC88756A1C3BA28300ECB9E2 /* Project object */;
}
