// !$*UTF8*$!
{
	archiveVersion = 1;
	classes = {
	};
	objectVersion = 46;
	objects = {

/* Begin PBXBuildFile section */
		FC869B201C3213E200125CA2 /* main.m in Sources */ = {isa = PBXBuildFile; fileRef = FC869B1F1C3213E200125CA2 /* main.m */; };
		FC869B281C32148200125CA2 /* Person.m in Sources */ = {isa = PBXBuildFile; fileRef = FC869B271C32148200125CA2 /* Person.m */; };
		FC869B2B1C32201300125CA2 /* Student.m in Sources */ = {isa = PBXBuildFile; fileRef = FC869B2A1C32201300125CA2 /* Student.m */; };
/* End PBXBuildFile section */

/* Begin PBXCopyFilesBuildPhase section */
		FC869B1A1C3213E200125CA2 /* CopyFiles */ = {
			isa = PBXCopyFilesBuildPhase;
			buildActionMask = 2147483647;
			dstPath = /usr/share/man/man1/;
			dstSubfolderSpec = 0;
			files = (
			);
			runOnlyForDeploymentPostprocessing = 1;
		};
/* End PBXCopyFilesBuildPhase section */

/* Begin PBXFileReference section */
		FC869B1C1C3213E200125CA2 /* construct_method */ = {isa = PBXFileReference; explicitFileType = "compiled.mach-o.executable"; includeInIndex = 0; path = construct_method; sourceTree = BUILT_PRODUCTS_DIR; };
		FC869B1F1C3213E200125CA2 /* main.m */ = {isa = PBXFileReference; lastKnownFileType = sourcecode.c.objc; path = main.m; sourceTree = "<group>"; };
		FC869B261C32148200125CA2 /* Person.h */ = {isa = PBXFileReference; fileEncoding = 4; lastKnownFileType = sourcecode.c.h; path = Person.h; sourceTree = "<group>"; };
		FC869B271C32148200125CA2 /* Person.m */ = {isa = PBXFileReference; fileEncoding = 4; lastKnownFileType = sourcecode.c.objc; path = Person.m; sourceTree = "<group>"; };
		FC869B291C32201300125CA2 /* Student.h */ = {isa = PBXFileReference; fileEncoding = 4; lastKnownFileType = sourcecode.c.h; path = Student.h; sourceTree = "<group>"; };
		FC869B2A1C32201300125CA2 /* Student.m */ = {isa = PBXFileReference; fileEncoding = 4; lastKnownFileType = sourcecode.c.objc; path = Student.m; sourceTree = "<group>"; };
/* End PBXFileReference section */

/* Begin PBXFrameworksBuildPhase section */
		FC869B191C3213E200125CA2 /* Frameworks */ = {
			isa = PBXFrameworksBuildPhase;
			buildActionMask = 2147483647;
			files = (
			);
			runOnlyForDeploymentPostprocessing = 0;
		};
/* End PBXFrameworksBuildPhase section */

/* Begin PBXGroup section */
		FC869B131C3213E200125CA2 = {
			isa = PBXGroup;
			children = (
				FC869B1E1C3213E200125CA2 /* construct_method */,
				FC869B1D1C3213E200125CA2 /* Products */,
			);
			sourceTree = "<group>";
		};
		FC869B1D1C3213E200125CA2 /* Products */ = {
			isa = PBXGroup;
			children = (
				FC869B1C1C3213E200125CA2 /* construct_method */,
			);
			name = Products;
			sourceTree = "<group>";
		};
		FC869B1E1C3213E200125CA2 /* construct_method */ = {
			isa = PBXGroup;
			children = (
				FC869B1F1C3213E200125CA2 /* main.m */,
				FC869B291C32201300125CA2 /* Student.h */,
				FC869B2A1C32201300125CA2 /* Student.m */,
				FC869B261C32148200125CA2 /* Person.h */,
				FC869B271C32148200125CA2 /* Person.m */,
			);
			path = construct_method;
			sourceTree = "<group>";
		};
/* End PBXGroup section */

/* Begin PBXNativeTarget section */
		FC869B1B1C3213E200125CA2 /* construct_method */ = {
			isa = PBXNativeTarget;
			buildConfigurationList = FC869B231C3213E200125CA2 /* Build configuration list for PBXNativeTarget "construct_method" */;
			buildPhases = (
				FC869B181C3213E200125CA2 /* Sources */,
				FC869B191C3213E200125CA2 /* Frameworks */,
				FC869B1A1C3213E200125CA2 /* CopyFiles */,
			);
			buildRules = (
			);
			dependencies = (
			);
			name = construct_method;
			productName = construct_method;
			productReference = FC869B1C1C3213E200125CA2 /* construct_method */;
			productType = "com.apple.product-type.tool";
		};
/* End PBXNativeTarget section */

/* Begin PBXProject section */
		FC869B141C3213E200125CA2 /* Project object */ = {
			isa = PBXProject;
			attributes = {
				LastUpgradeCheck = 0720;
				ORGANIZATIONNAME = "  益康 陈";
				TargetAttributes = {
					FC869B1B1C3213E200125CA2 = {
						CreatedOnToolsVersion = 7.2;
					};
				};
			};
			buildConfigurationList = FC869B171C3213E200125CA2 /* Build configuration list for PBXProject "construct_method" */;
			compatibilityVersion = "Xcode 3.2";
			developmentRegion = English;
			hasScannedForEncodings = 0;
			knownRegions = (
				en,
			);
			mainGroup = FC869B131C3213E200125CA2;
			productRefGroup = FC869B1D1C3213E200125CA2 /* Products */;
			projectDirPath = "";
			projectRoot = "";
			targets = (
				FC869B1B1C3213E200125CA2 /* construct_method */,
			);
		};
/* End PBXProject section */

/* Begin PBXSourcesBuildPhase section */
		FC869B181C3213E200125CA2 /* Sources */ = {
			isa = PBXSourcesBuildPhase;
			buildActionMask = 2147483647;
			files = (
				FC869B281C32148200125CA2 /* Person.m in Sources */,
				FC869B201C3213E200125CA2 /* main.m in Sources */,
				FC869B2B1C32201300125CA2 /* Student.m in Sources */,
			);
			runOnlyForDeploymentPostprocessing = 0;
		};
/* End PBXSourcesBuildPhase section */

/* Begin XCBuildConfiguration section */
		FC869B211C3213E200125CA2 /* Debug */ = {
			isa = XCBuildConfiguration;
			buildSettings = {
				ALWAYS_SEARCH_USER_PATHS = NO;
				CLANG_CXX_LANGUAGE_STANDARD = "gnu++0x";
				CLANG_CXX_LIBRARY = "libc++";
				CLANG_ENABLE_MODULES = YES;
				CLANG_ENABLE_OBJC_ARC = YES;
				CLANG_WARN_BOOL_CONVERSION = YES;
				CLANG_WARN_CONSTANT_CONVERSION = YES;
				CLANG_WARN_DIRECT_OBJC_ISA_USAGE = YES_ERROR;
				CLANG_WARN_EMPTY_BODY = YES;
				CLANG_WARN_ENUM_CONVERSION = YES;
				CLANG_WARN_INT_CONVERSION = YES;
				CLANG_WARN_OBJC_ROOT_CLASS = YES_ERROR;
				CLANG_WARN_UNREACHABLE_CODE = YES;
				CLANG_WARN__DUPLICATE_METHOD_MATCH = YES;
				CODE_SIGN_IDENTITY = "-";
				COPY_PHASE_STRIP = NO;
				DEBUG_INFORMATION_FORMAT = dwarf;
				ENABLE_STRICT_OBJC_MSGSEND = YES;
				ENABLE_TESTABILITY = YES;
				GCC_C_LANGUAGE_STANDARD = gnu99;
				GCC_DYNAMIC_NO_PIC = NO;
				GCC_NO_COMMON_BLOCKS = YES;
				GCC_OPTIMIZATION_LEVEL = 0;
				GCC_PREPROCESSOR_DEFINITIONS = (
					"DEBUG=1",
					"$(inherited)",
				);
				GCC_WARN_64_TO_32_BIT_CONVERSION = YES;
				GCC_WARN_ABOUT_RETURN_TYPE = YES_ERROR;
				GCC_WARN_UNDECLARED_SELECTOR = YES;
				GCC_WARN_UNINITIALIZED_AUTOS = YES_AGGRESSIVE;
				GCC_WARN_UNUSED_FUNCTION = YES;
				GCC_WARN_UNUSED_VARIABLE = YES;
				MACOSX_DEPLOYMENT_TARGET = 10.11;
				MTL_ENABLE_DEBUG_INFO = YES;
				ONLY_ACTIVE_ARCH = YES;
				SDKROOT = macosx;
			};
			name = Debug;
		};
		FC869B221C3213E200125CA2 /* Release */ = {
			isa = XCBuildConfiguration;
			buildSettings = {
				ALWAYS_SEARCH_USER_PATHS = NO;
				CLANG_CXX_LANGUAGE_STANDARD = "gnu++0x";
				CLANG_CXX_LIBRARY = "libc++";
				CLANG_ENABLE_MODULES = YES;
				CLANG_ENABLE_OBJC_ARC = YES;
				CLANG_WARN_BOOL_CONVERSION = YES;
				CLANG_WARN_CONSTANT_CONVERSION = YES;
				CLANG_WARN_DIRECT_OBJC_ISA_USAGE = YES_ERROR;
				CLANG_WARN_EMPTY_BODY = YES;
				CLANG_WARN_ENUM_CONVERSION = YES;
				CLANG_WARN_INT_CONVERSION = YES;
				CLANG_WARN_OBJC_ROOT_CLASS = YES_ERROR;
				CLANG_WARN_UNREACHABLE_CODE = YES;
				CLANG_WARN__DUPLICATE_METHOD_MATCH = YES;
				CODE_SIGN_IDENTITY = "-";
				COPY_PHASE_STRIP = NO;
				DEBUG_INFORMATION_FORMAT = "dwarf-with-dsym";
				ENABLE_NS_ASSERTIONS = NO;
				ENABLE_STRICT_OBJC_MSGSEND = YES;
				GCC_C_LANGUAGE_STANDARD = gnu99;
				GCC_NO_COMMON_BLOCKS = YES;
				GCC_WARN_64_TO_32_BIT_CONVERSION = YES;
				GCC_WARN_ABOUT_RETURN_TYPE = YES_ERROR;
				GCC_WARN_UNDECLARED_SELECTOR = YES;
				GCC_WARN_UNINITIALIZED_AUTOS = YES_AGGRESSIVE;
				GCC_WARN_UNUSED_FUNCTION = YES;
				GCC_WARN_UNUSED_VARIABLE = YES;
				MACOSX_DEPLOYMENT_TARGET = 10.11;
				MTL_ENABLE_DEBUG_INFO = NO;
				SDKROOT = macosx;
			};
			name = Release;
		};
		FC869B241C3213E200125CA2 /* Debug */ = {
			isa = XCBuildConfiguration;
			buildSettings = {
				PRODUCT_NAME = "$(TARGET_NAME)";
			};
			name = Debug;
		};
		FC869B251C3213E200125CA2 /* Release */ = {
			isa = XCBuildConfiguration;
			buildSettings = {
				PRODUCT_NAME = "$(TARGET_NAME)";
			};
			name = Release;
		};
/* End XCBuildConfiguration section */

/* Begin XCConfigurationList section */
		FC869B171C3213E200125CA2 /* Build configuration list for PBXProject "construct_method" */ = {
			isa = XCConfigurationList;
			buildConfigurations = (
				FC869B211C3213E200125CA2 /* Debug */,
				FC869B221C3213E200125CA2 /* Release */,
			);
			defaultConfigurationIsVisible = 0;
			defaultConfigurationName = Release;
		};
		FC869B231C3213E200125CA2 /* Build configuration list for PBXNativeTarget "construct_method" */ = {
			isa = XCConfigurationList;
			buildConfigurations = (
				FC869B241C3213E200125CA2 /* Debug */,
				FC869B251C3213E200125CA2 /* Release */,
			);
			defaultConfigurationIsVisible = 0;
		};
/* End XCConfigurationList section */
	};
	rootObject = FC869B141C3213E200125CA2 /* Project object */;
}
