// !$*UTF8*$!
{
	archiveVersion = 1;
	classes = {
	};
	objectVersion = 46;
	objects = {

/* Begin PBXBuildFile section */
		FCEF32E11C41F67200E611BB /* main.m in Sources */ = {isa = PBXBuildFile; fileRef = FCEF32E01C41F67200E611BB /* main.m */; };
		FCEF32E91C41F6A700E611BB /* MyPoint.m in Sources */ = {isa = PBXBuildFile; fileRef = FCEF32E81C41F6A700E611BB /* MyPoint.m */; };
		FCEF32EC1C41F85400E611BB /* Observer.m in Sources */ = {isa = PBXBuildFile; fileRef = FCEF32EB1C41F85400E611BB /* Observer.m */; };
/* End PBXBuildFile section */

/* Begin PBXCopyFilesBuildPhase section */
		FCEF32DB1C41F67200E611BB /* CopyFiles */ = {
			isa = PBXCopyFilesBuildPhase;
			buildActionMask = 2147483647;
			dstPath = /usr/share/man/man1/;
			dstSubfolderSpec = 0;
			files = (
			);
			runOnlyForDeploymentPostprocessing = 1;
		};
/* End PBXCopyFilesBuildPhase section */

/* Begin PBXFileReference section */
		FCEF32DD1C41F67200E611BB /* KVO_1 */ = {isa = PBXFileReference; explicitFileType = "compiled.mach-o.executable"; includeInIndex = 0; path = KVO_1; sourceTree = BUILT_PRODUCTS_DIR; };
		FCEF32E01C41F67200E611BB /* main.m */ = {isa = PBXFileReference; lastKnownFileType = sourcecode.c.objc; path = main.m; sourceTree = "<group>"; };
		FCEF32E71C41F6A700E611BB /* MyPoint.h */ = {isa = PBXFileReference; fileEncoding = 4; lastKnownFileType = sourcecode.c.h; path = MyPoint.h; sourceTree = "<group>"; };
		FCEF32E81C41F6A700E611BB /* MyPoint.m */ = {isa = PBXFileReference; fileEncoding = 4; lastKnownFileType = sourcecode.c.objc; path = MyPoint.m; sourceTree = "<group>"; };
		FCEF32EA1C41F85400E611BB /* Observer.h */ = {isa = PBXFileReference; fileEncoding = 4; lastKnownFileType = sourcecode.c.h; path = Observer.h; sourceTree = "<group>"; };
		FCEF32EB1C41F85400E611BB /* Observer.m */ = {isa = PBXFileReference; fileEncoding = 4; lastKnownFileType = sourcecode.c.objc; path = Observer.m; sourceTree = "<group>"; };
/* End PBXFileReference section */

/* Begin PBXFrameworksBuildPhase section */
		FCEF32DA1C41F67200E611BB /* Frameworks */ = {
			isa = PBXFrameworksBuildPhase;
			buildActionMask = 2147483647;
			files = (
			);
			runOnlyForDeploymentPostprocessing = 0;
		};
/* End PBXFrameworksBuildPhase section */

/* Begin PBXGroup section */
		FCEF32D41C41F67200E611BB = {
			isa = PBXGroup;
			children = (
				FCEF32DF1C41F67200E611BB /* KVO_1 */,
				FCEF32DE1C41F67200E611BB /* Products */,
			);
			sourceTree = "<group>";
		};
		FCEF32DE1C41F67200E611BB /* Products */ = {
			isa = PBXGroup;
			children = (
				FCEF32DD1C41F67200E611BB /* KVO_1 */,
			);
			name = Products;
			sourceTree = "<group>";
		};
		FCEF32DF1C41F67200E611BB /* KVO_1 */ = {
			isa = PBXGroup;
			children = (
				FCEF32E01C41F67200E611BB /* main.m */,
				FCEF32E71C41F6A700E611BB /* MyPoint.h */,
				FCEF32E81C41F6A700E611BB /* MyPoint.m */,
				FCEF32EA1C41F85400E611BB /* Observer.h */,
				FCEF32EB1C41F85400E611BB /* Observer.m */,
			);
			path = KVO_1;
			sourceTree = "<group>";
		};
/* End PBXGroup section */

/* Begin PBXNativeTarget section */
		FCEF32DC1C41F67200E611BB /* KVO_1 */ = {
			isa = PBXNativeTarget;
			buildConfigurationList = FCEF32E41C41F67200E611BB /* Build configuration list for PBXNativeTarget "KVO_1" */;
			buildPhases = (
				FCEF32D91C41F67200E611BB /* Sources */,
				FCEF32DA1C41F67200E611BB /* Frameworks */,
				FCEF32DB1C41F67200E611BB /* CopyFiles */,
			);
			buildRules = (
			);
			dependencies = (
			);
			name = KVO_1;
			productName = KVO_1;
			productReference = FCEF32DD1C41F67200E611BB /* KVO_1 */;
			productType = "com.apple.product-type.tool";
		};
/* End PBXNativeTarget section */

/* Begin PBXProject section */
		FCEF32D51C41F67200E611BB /* Project object */ = {
			isa = PBXProject;
			attributes = {
				LastUpgradeCheck = 0720;
				ORGANIZATIONNAME = Jon;
				TargetAttributes = {
					FCEF32DC1C41F67200E611BB = {
						CreatedOnToolsVersion = 7.2;
					};
				};
			};
			buildConfigurationList = FCEF32D81C41F67200E611BB /* Build configuration list for PBXProject "KVO_1" */;
			compatibilityVersion = "Xcode 3.2";
			developmentRegion = English;
			hasScannedForEncodings = 0;
			knownRegions = (
				en,
			);
			mainGroup = FCEF32D41C41F67200E611BB;
			productRefGroup = FCEF32DE1C41F67200E611BB /* Products */;
			projectDirPath = "";
			projectRoot = "";
			targets = (
				FCEF32DC1C41F67200E611BB /* KVO_1 */,
			);
		};
/* End PBXProject section */

/* Begin PBXSourcesBuildPhase section */
		FCEF32D91C41F67200E611BB /* Sources */ = {
			isa = PBXSourcesBuildPhase;
			buildActionMask = 2147483647;
			files = (
				FCEF32EC1C41F85400E611BB /* Observer.m in Sources */,
				FCEF32E91C41F6A700E611BB /* MyPoint.m in Sources */,
				FCEF32E11C41F67200E611BB /* main.m in Sources */,
			);
			runOnlyForDeploymentPostprocessing = 0;
		};
/* End PBXSourcesBuildPhase section */

/* Begin XCBuildConfiguration section */
		FCEF32E21C41F67200E611BB /* Debug */ = {
			isa = XCBuildConfiguration;
			buildSettings = {
				ALWAYS_SEARCH_USER_PATHS = NO;
				CLANG_CXX_LANGUAGE_STANDARD = "gnu++0x";
				CLANG_CXX_LIBRARY = "libc++";
				CLANG_ENABLE_MODULES = YES;
				CLANG_ENABLE_OBJC_ARC = YES;
				CLANG_WARN_BOOL_CONVERSION = YES;
				CLANG_WARN_CONSTANT_CONVERSION = YES;
				CLANG_WARN_DIRECT_OBJC_ISA_USAGE = YES_ERROR;
				CLANG_WARN_EMPTY_BODY = YES;
				CLANG_WARN_ENUM_CONVERSION = YES;
				CLANG_WARN_INT_CONVERSION = YES;
				CLANG_WARN_OBJC_ROOT_CLASS = YES_ERROR;
				CLANG_WARN_UNREACHABLE_CODE = YES;
				CLANG_WARN__DUPLICATE_METHOD_MATCH = YES;
				CODE_SIGN_IDENTITY = "-";
				COPY_PHASE_STRIP = NO;
				DEBUG_INFORMATION_FORMAT = dwarf;
				ENABLE_STRICT_OBJC_MSGSEND = YES;
				ENABLE_TESTABILITY = YES;
				GCC_C_LANGUAGE_STANDARD = gnu99;
				GCC_DYNAMIC_NO_PIC = NO;
				GCC_NO_COMMON_BLOCKS = YES;
				GCC_OPTIMIZATION_LEVEL = 0;
				GCC_PREPROCESSOR_DEFINITIONS = (
					"DEBUG=1",
					"$(inherited)",
				);
				GCC_WARN_64_TO_32_BIT_CONVERSION = YES;
				GCC_WARN_ABOUT_RETURN_TYPE = YES_ERROR;
				GCC_WARN_UNDECLARED_SELECTOR = YES;
				GCC_WARN_UNINITIALIZED_AUTOS = YES_AGGRESSIVE;
				GCC_WARN_UNUSED_FUNCTION = YES;
				GCC_WARN_UNUSED_VARIABLE = YES;
				MACOSX_DEPLOYMENT_TARGET = 10.11;
				MTL_ENABLE_DEBUG_INFO = YES;
				ONLY_ACTIVE_ARCH = YES;
				SDKROOT = macosx;
			};
			name = Debug;
		};
		FCEF32E31C41F67200E611BB /* Release */ = {
			isa = XCBuildConfiguration;
			buildSettings = {
				ALWAYS_SEARCH_USER_PATHS = NO;
				CLANG_CXX_LANGUAGE_STANDARD = "gnu++0x";
				CLANG_CXX_LIBRARY = "libc++";
				CLANG_ENABLE_MODULES = YES;
				CLANG_ENABLE_OBJC_ARC = YES;
				CLANG_WARN_BOOL_CONVERSION = YES;
				CLANG_WARN_CONSTANT_CONVERSION = YES;
				CLANG_WARN_DIRECT_OBJC_ISA_USAGE = YES_ERROR;
				CLANG_WARN_EMPTY_BODY = YES;
				CLANG_WARN_ENUM_CONVERSION = YES;
				CLANG_WARN_INT_CONVERSION = YES;
				CLANG_WARN_OBJC_ROOT_CLASS = YES_ERROR;
				CLANG_WARN_UNREACHABLE_CODE = YES;
				CLANG_WARN__DUPLICATE_METHOD_MATCH = YES;
				CODE_SIGN_IDENTITY = "-";
				COPY_PHASE_STRIP = NO;
				DEBUG_INFORMATION_FORMAT = "dwarf-with-dsym";
				ENABLE_NS_ASSERTIONS = NO;
				ENABLE_STRICT_OBJC_MSGSEND = YES;
				GCC_C_LANGUAGE_STANDARD = gnu99;
				GCC_NO_COMMON_BLOCKS = YES;
				GCC_WARN_64_TO_32_BIT_CONVERSION = YES;
				GCC_WARN_ABOUT_RETURN_TYPE = YES_ERROR;
				GCC_WARN_UNDECLARED_SELECTOR = YES;
				GCC_WARN_UNINITIALIZED_AUTOS = YES_AGGRESSIVE;
				GCC_WARN_UNUSED_FUNCTION = YES;
				GCC_WARN_UNUSED_VARIABLE = YES;
				MACOSX_DEPLOYMENT_TARGET = 10.11;
				MTL_ENABLE_DEBUG_INFO = NO;
				SDKROOT = macosx;
			};
			name = Release;
		};
		FCEF32E51C41F67200E611BB /* Debug */ = {
			isa = XCBuildConfiguration;
			buildSettings = {
				PRODUCT_NAME = "$(TARGET_NAME)";
			};
			name = Debug;
		};
		FCEF32E61C41F67200E611BB /* Release */ = {
			isa = XCBuildConfiguration;
			buildSettings = {
				PRODUCT_NAME = "$(TARGET_NAME)";
			};
			name = Release;
		};
/* End XCBuildConfiguration section */

/* Begin XCConfigurationList section */
		FCEF32D81C41F67200E611BB /* Build configuration list for PBXProject "KVO_1" */ = {
			isa = XCConfigurationList;
			buildConfigurations = (
				FCEF32E21C41F67200E611BB /* Debug */,
				FCEF32E31C41F67200E611BB /* Release */,
			);
			defaultConfigurationIsVisible = 0;
			defaultConfigurationName = Release;
		};
		FCEF32E41C41F67200E611BB /* Build configuration list for PBXNativeTarget "KVO_1" */ = {
			isa = XCConfigurationList;
			buildConfigurations = (
				FCEF32E51C41F67200E611BB /* Debug */,
				FCEF32E61C41F67200E611BB /* Release */,
			);
			defaultConfigurationIsVisible = 0;
		};
/* End XCConfigurationList section */
	};
	rootObject = FCEF32D51C41F67200E611BB /* Project object */;
}
