// !$*UTF8*$!
{
	archiveVersion = 1;
	classes = {
	};
	objectVersion = 46;
	objects = {

/* Begin PBXBuildFile section */
		FCA1AC3C1C34C04700969C54 /* main.m in Sources */ = {isa = PBXBuildFile; fileRef = FCA1AC3B1C34C04700969C54 /* main.m */; };
		FCA1AC441C34C06400969C54 /* User.m in Sources */ = {isa = PBXBuildFile; fileRef = FCA1AC431C34C06400969C54 /* User.m */; };
		FCA1AC471C34C2A600969C54 /* Status.m in Sources */ = {isa = PBXBuildFile; fileRef = FCA1AC461C34C2A600969C54 /* Status.m */; };
/* End PBXBuildFile section */

/* Begin PBXCopyFilesBuildPhase section */
		FCA1AC361C34C04700969C54 /* CopyFiles */ = {
			isa = PBXCopyFilesBuildPhase;
			buildActionMask = 2147483647;
			dstPath = /usr/share/man/man1/;
			dstSubfolderSpec = 0;
			files = (
			);
			runOnlyForDeploymentPostprocessing = 1;
		};
/* End PBXCopyFilesBuildPhase section */

/* Begin PBXFileReference section */
		FCA1AC381C34C04700969C54 /* practice_weibo */ = {isa = PBXFileReference; explicitFileType = "compiled.mach-o.executable"; includeInIndex = 0; path = practice_weibo; sourceTree = BUILT_PRODUCTS_DIR; };
		FCA1AC3B1C34C04700969C54 /* main.m */ = {isa = PBXFileReference; lastKnownFileType = sourcecode.c.objc; path = main.m; sourceTree = "<group>"; };
		FCA1AC421C34C06400969C54 /* User.h */ = {isa = PBXFileReference; fileEncoding = 4; lastKnownFileType = sourcecode.c.h; path = User.h; sourceTree = "<group>"; };
		FCA1AC431C34C06400969C54 /* User.m */ = {isa = PBXFileReference; fileEncoding = 4; lastKnownFileType = sourcecode.c.objc; path = User.m; sourceTree = "<group>"; };
		FCA1AC451C34C2A600969C54 /* Status.h */ = {isa = PBXFileReference; fileEncoding = 4; lastKnownFileType = sourcecode.c.h; path = Status.h; sourceTree = "<group>"; };
		FCA1AC461C34C2A600969C54 /* Status.m */ = {isa = PBXFileReference; fileEncoding = 4; lastKnownFileType = sourcecode.c.objc; path = Status.m; sourceTree = "<group>"; };
/* End PBXFileReference section */

/* Begin PBXFrameworksBuildPhase section */
		FCA1AC351C34C04700969C54 /* Frameworks */ = {
			isa = PBXFrameworksBuildPhase;
			buildActionMask = 2147483647;
			files = (
			);
			runOnlyForDeploymentPostprocessing = 0;
		};
/* End PBXFrameworksBuildPhase section */

/* Begin PBXGroup section */
		FCA1AC2F1C34C04700969C54 = {
			isa = PBXGroup;
			children = (
				FCA1AC3A1C34C04700969C54 /* practice_weibo */,
				FCA1AC391C34C04700969C54 /* Products */,
			);
			sourceTree = "<group>";
		};
		FCA1AC391C34C04700969C54 /* Products */ = {
			isa = PBXGroup;
			children = (
				FCA1AC381C34C04700969C54 /* practice_weibo */,
			);
			name = Products;
			sourceTree = "<group>";
		};
		FCA1AC3A1C34C04700969C54 /* practice_weibo */ = {
			isa = PBXGroup;
			children = (
				FCA1AC3B1C34C04700969C54 /* main.m */,
				FCA1AC421C34C06400969C54 /* User.h */,
				FCA1AC431C34C06400969C54 /* User.m */,
				FCA1AC451C34C2A600969C54 /* Status.h */,
				FCA1AC461C34C2A600969C54 /* Status.m */,
			);
			path = practice_weibo;
			sourceTree = "<group>";
		};
/* End PBXGroup section */

/* Begin PBXNativeTarget section */
		FCA1AC371C34C04700969C54 /* practice_weibo */ = {
			isa = PBXNativeTarget;
			buildConfigurationList = FCA1AC3F1C34C04700969C54 /* Build configuration list for PBXNativeTarget "practice_weibo" */;
			buildPhases = (
				FCA1AC341C34C04700969C54 /* Sources */,
				FCA1AC351C34C04700969C54 /* Frameworks */,
				FCA1AC361C34C04700969C54 /* CopyFiles */,
			);
			buildRules = (
			);
			dependencies = (
			);
			name = practice_weibo;
			productName = practice_weibo;
			productReference = FCA1AC381C34C04700969C54 /* practice_weibo */;
			productType = "com.apple.product-type.tool";
		};
/* End PBXNativeTarget section */

/* Begin PBXProject section */
		FCA1AC301C34C04700969C54 /* Project object */ = {
			isa = PBXProject;
			attributes = {
				LastUpgradeCheck = 0720;
				ORGANIZATIONNAME = Jon;
				TargetAttributes = {
					FCA1AC371C34C04700969C54 = {
						CreatedOnToolsVersion = 7.2;
					};
				};
			};
			buildConfigurationList = FCA1AC331C34C04700969C54 /* Build configuration list for PBXProject "practice_weibo" */;
			compatibilityVersion = "Xcode 3.2";
			developmentRegion = English;
			hasScannedForEncodings = 0;
			knownRegions = (
				en,
			);
			mainGroup = FCA1AC2F1C34C04700969C54;
			productRefGroup = FCA1AC391C34C04700969C54 /* Products */;
			projectDirPath = "";
			projectRoot = "";
			targets = (
				FCA1AC371C34C04700969C54 /* practice_weibo */,
			);
		};
/* End PBXProject section */

/* Begin PBXSourcesBuildPhase section */
		FCA1AC341C34C04700969C54 /* Sources */ = {
			isa = PBXSourcesBuildPhase;
			buildActionMask = 2147483647;
			files = (
				FCA1AC441C34C06400969C54 /* User.m in Sources */,
				FCA1AC471C34C2A600969C54 /* Status.m in Sources */,
				FCA1AC3C1C34C04700969C54 /* main.m in Sources */,
			);
			runOnlyForDeploymentPostprocessing = 0;
		};
/* End PBXSourcesBuildPhase section */

/* Begin XCBuildConfiguration section */
		FCA1AC3D1C34C04700969C54 /* Debug */ = {
			isa = XCBuildConfiguration;
			buildSettings = {
				ALWAYS_SEARCH_USER_PATHS = NO;
				CLANG_CXX_LANGUAGE_STANDARD = "gnu++0x";
				CLANG_CXX_LIBRARY = "libc++";
				CLANG_ENABLE_MODULES = YES;
				CLANG_ENABLE_OBJC_ARC = YES;
				CLANG_WARN_BOOL_CONVERSION = YES;
				CLANG_WARN_CONSTANT_CONVERSION = YES;
				CLANG_WARN_DIRECT_OBJC_ISA_USAGE = YES_ERROR;
				CLANG_WARN_EMPTY_BODY = YES;
				CLANG_WARN_ENUM_CONVERSION = YES;
				CLANG_WARN_INT_CONVERSION = YES;
				CLANG_WARN_OBJC_ROOT_CLASS = YES_ERROR;
				CLANG_WARN_UNREACHABLE_CODE = YES;
				CLANG_WARN__DUPLICATE_METHOD_MATCH = YES;
				CODE_SIGN_IDENTITY = "-";
				COPY_PHASE_STRIP = NO;
				DEBUG_INFORMATION_FORMAT = dwarf;
				ENABLE_STRICT_OBJC_MSGSEND = YES;
				ENABLE_TESTABILITY = YES;
				GCC_C_LANGUAGE_STANDARD = gnu99;
				GCC_DYNAMIC_NO_PIC = NO;
				GCC_NO_COMMON_BLOCKS = YES;
				GCC_OPTIMIZATION_LEVEL = 0;
				GCC_PREPROCESSOR_DEFINITIONS = (
					"DEBUG=1",
					"$(inherited)",
				);
				GCC_WARN_64_TO_32_BIT_CONVERSION = YES;
				GCC_WARN_ABOUT_RETURN_TYPE = YES_ERROR;
				GCC_WARN_UNDECLARED_SELECTOR = YES;
				GCC_WARN_UNINITIALIZED_AUTOS = YES_AGGRESSIVE;
				GCC_WARN_UNUSED_FUNCTION = YES;
				GCC_WARN_UNUSED_VARIABLE = YES;
				MACOSX_DEPLOYMENT_TARGET = 10.11;
				MTL_ENABLE_DEBUG_INFO = YES;
				ONLY_ACTIVE_ARCH = YES;
				SDKROOT = macosx;
			};
			name = Debug;
		};
		FCA1AC3E1C34C04700969C54 /* Release */ = {
			isa = XCBuildConfiguration;
			buildSettings = {
				ALWAYS_SEARCH_USER_PATHS = NO;
				CLANG_CXX_LANGUAGE_STANDARD = "gnu++0x";
				CLANG_CXX_LIBRARY = "libc++";
				CLANG_ENABLE_MODULES = YES;
				CLANG_ENABLE_OBJC_ARC = YES;
				CLANG_WARN_BOOL_CONVERSION = YES;
				CLANG_WARN_CONSTANT_CONVERSION = YES;
				CLANG_WARN_DIRECT_OBJC_ISA_USAGE = YES_ERROR;
				CLANG_WARN_EMPTY_BODY = YES;
				CLANG_WARN_ENUM_CONVERSION = YES;
				CLANG_WARN_INT_CONVERSION = YES;
				CLANG_WARN_OBJC_ROOT_CLASS = YES_ERROR;
				CLANG_WARN_UNREACHABLE_CODE = YES;
				CLANG_WARN__DUPLICATE_METHOD_MATCH = YES;
				CODE_SIGN_IDENTITY = "-";
				COPY_PHASE_STRIP = NO;
				DEBUG_INFORMATION_FORMAT = "dwarf-with-dsym";
				ENABLE_NS_ASSERTIONS = NO;
				ENABLE_STRICT_OBJC_MSGSEND = YES;
				GCC_C_LANGUAGE_STANDARD = gnu99;
				GCC_NO_COMMON_BLOCKS = YES;
				GCC_WARN_64_TO_32_BIT_CONVERSION = YES;
				GCC_WARN_ABOUT_RETURN_TYPE = YES_ERROR;
				GCC_WARN_UNDECLARED_SELECTOR = YES;
				GCC_WARN_UNINITIALIZED_AUTOS = YES_AGGRESSIVE;
				GCC_WARN_UNUSED_FUNCTION = YES;
				GCC_WARN_UNUSED_VARIABLE = YES;
				MACOSX_DEPLOYMENT_TARGET = 10.11;
				MTL_ENABLE_DEBUG_INFO = NO;
				SDKROOT = macosx;
			};
			name = Release;
		};
		FCA1AC401C34C04700969C54 /* Debug */ = {
			isa = XCBuildConfiguration;
			buildSettings = {
				PRODUCT_NAME = "$(TARGET_NAME)";
			};
			name = Debug;
		};
		FCA1AC411C34C04700969C54 /* Release */ = {
			isa = XCBuildConfiguration;
			buildSettings = {
				PRODUCT_NAME = "$(TARGET_NAME)";
			};
			name = Release;
		};
/* End XCBuildConfiguration section */

/* Begin XCConfigurationList section */
		FCA1AC331C34C04700969C54 /* Build configuration list for PBXProject "practice_weibo" */ = {
			isa = XCConfigurationList;
			buildConfigurations = (
				FCA1AC3D1C34C04700969C54 /* Debug */,
				FCA1AC3E1C34C04700969C54 /* Release */,
			);
			defaultConfigurationIsVisible = 0;
			defaultConfigurationName = Release;
		};
		FCA1AC3F1C34C04700969C54 /* Build configuration list for PBXNativeTarget "practice_weibo" */ = {
			isa = XCConfigurationList;
			buildConfigurations = (
				FCA1AC401C34C04700969C54 /* Debug */,
				FCA1AC411C34C04700969C54 /* Release */,
			);
			defaultConfigurationIsVisible = 0;
		};
/* End XCConfigurationList section */
	};
	rootObject = FCA1AC301C34C04700969C54 /* Project object */;
}
