// !$*UTF8*$!
{
	archiveVersion = 1;
	classes = {
	};
	objectVersion = 46;
	objects = {

/* Begin PBXBuildFile section */
		FCC0DB571C5CA17400BC37A8 /* main.m in Sources */ = {isa = PBXBuildFile; fileRef = FCC0DB561C5CA17400BC37A8 /* main.m */; };
		FCC0DB5A1C5CA17400BC37A8 /* AppDelegate.m in Sources */ = {isa = PBXBuildFile; fileRef = FCC0DB591C5CA17400BC37A8 /* AppDelegate.m */; };
		FCC0DB5D1C5CA17400BC37A8 /* ViewController.m in Sources */ = {isa = PBXBuildFile; fileRef = FCC0DB5C1C5CA17400BC37A8 /* ViewController.m */; };
		FCC0DB601C5CA17400BC37A8 /* Main.storyboard in Resources */ = {isa = PBXBuildFile; fileRef = FCC0DB5E1C5CA17400BC37A8 /* Main.storyboard */; };
		FCC0DB621C5CA17400BC37A8 /* Assets.xcassets in Resources */ = {isa = PBXBuildFile; fileRef = FCC0DB611C5CA17400BC37A8 /* Assets.xcassets */; };
		FCC0DB651C5CA17400BC37A8 /* LaunchScreen.storyboard in Resources */ = {isa = PBXBuildFile; fileRef = FCC0DB631C5CA17400BC37A8 /* LaunchScreen.storyboard */; };
		FCC0DB6E1C5CAE1100BC37A8 /* MyTableViewControllor.m in Sources */ = {isa = PBXBuildFile; fileRef = FCC0DB6D1C5CAE1100BC37A8 /* MyTableViewControllor.m */; };
/* End PBXBuildFile section */

/* Begin PBXFileReference section */
		FCC0DB521C5CA17400BC37A8 /* UITableController.app */ = {isa = PBXFileReference; explicitFileType = wrapper.application; includeInIndex = 0; path = UITableController.app; sourceTree = BUILT_PRODUCTS_DIR; };
		FCC0DB561C5CA17400BC37A8 /* main.m */ = {isa = PBXFileReference; lastKnownFileType = sourcecode.c.objc; path = main.m; sourceTree = "<group>"; };
		FCC0DB581C5CA17400BC37A8 /* AppDelegate.h */ = {isa = PBXFileReference; lastKnownFileType = sourcecode.c.h; path = AppDelegate.h; sourceTree = "<group>"; };
		FCC0DB591C5CA17400BC37A8 /* AppDelegate.m */ = {isa = PBXFileReference; lastKnownFileType = sourcecode.c.objc; path = AppDelegate.m; sourceTree = "<group>"; };
		FCC0DB5B1C5CA17400BC37A8 /* ViewController.h */ = {isa = PBXFileReference; lastKnownFileType = sourcecode.c.h; path = ViewController.h; sourceTree = "<group>"; };
		FCC0DB5C1C5CA17400BC37A8 /* ViewController.m */ = {isa = PBXFileReference; lastKnownFileType = sourcecode.c.objc; path = ViewController.m; sourceTree = "<group>"; };
		FCC0DB5F1C5CA17400BC37A8 /* Base */ = {isa = PBXFileReference; lastKnownFileType = file.storyboard; name = Base; path = Base.lproj/Main.storyboard; sourceTree = "<group>"; };
		FCC0DB611C5CA17400BC37A8 /* Assets.xcassets */ = {isa = PBXFileReference; lastKnownFileType = folder.assetcatalog; path = Assets.xcassets; sourceTree = "<group>"; };
		FCC0DB641C5CA17400BC37A8 /* Base */ = {isa = PBXFileReference; lastKnownFileType = file.storyboard; name = Base; path = Base.lproj/LaunchScreen.storyboard; sourceTree = "<group>"; };
		FCC0DB661C5CA17400BC37A8 /* Info.plist */ = {isa = PBXFileReference; lastKnownFileType = text.plist.xml; path = Info.plist; sourceTree = "<group>"; };
		FCC0DB6C1C5CAE1100BC37A8 /* MyTableViewControllor.h */ = {isa = PBXFileReference; fileEncoding = 4; lastKnownFileType = sourcecode.c.h; path = MyTableViewControllor.h; sourceTree = "<group>"; };
		FCC0DB6D1C5CAE1100BC37A8 /* MyTableViewControllor.m */ = {isa = PBXFileReference; fileEncoding = 4; lastKnownFileType = sourcecode.c.objc; path = MyTableViewControllor.m; sourceTree = "<group>"; };
/* End PBXFileReference section */

/* Begin PBXFrameworksBuildPhase section */
		FCC0DB4F1C5CA17400BC37A8 /* Frameworks */ = {
			isa = PBXFrameworksBuildPhase;
			buildActionMask = 2147483647;
			files = (
			);
			runOnlyForDeploymentPostprocessing = 0;
		};
/* End PBXFrameworksBuildPhase section */

/* Begin PBXGroup section */
		FCC0DB491C5CA17400BC37A8 = {
			isa = PBXGroup;
			children = (
				FCC0DB541C5CA17400BC37A8 /* UITableController */,
				FCC0DB531C5CA17400BC37A8 /* Products */,
			);
			sourceTree = "<group>";
		};
		FCC0DB531C5CA17400BC37A8 /* Products */ = {
			isa = PBXGroup;
			children = (
				FCC0DB521C5CA17400BC37A8 /* UITableController.app */,
			);
			name = Products;
			sourceTree = "<group>";
		};
		FCC0DB541C5CA17400BC37A8 /* UITableController */ = {
			isa = PBXGroup;
			children = (
				FCC0DB581C5CA17400BC37A8 /* AppDelegate.h */,
				FCC0DB591C5CA17400BC37A8 /* AppDelegate.m */,
				FCC0DB5B1C5CA17400BC37A8 /* ViewController.h */,
				FCC0DB5C1C5CA17400BC37A8 /* ViewController.m */,
				FCC0DB6C1C5CAE1100BC37A8 /* MyTableViewControllor.h */,
				FCC0DB6D1C5CAE1100BC37A8 /* MyTableViewControllor.m */,
				FCC0DB5E1C5CA17400BC37A8 /* Main.storyboard */,
				FCC0DB611C5CA17400BC37A8 /* Assets.xcassets */,
				FCC0DB631C5CA17400BC37A8 /* LaunchScreen.storyboard */,
				FCC0DB661C5CA17400BC37A8 /* Info.plist */,
				FCC0DB551C5CA17400BC37A8 /* Supporting Files */,
			);
			path = UITableController;
			sourceTree = "<group>";
		};
		FCC0DB551C5CA17400BC37A8 /* Supporting Files */ = {
			isa = PBXGroup;
			children = (
				FCC0DB561C5CA17400BC37A8 /* main.m */,
			);
			name = "Supporting Files";
			sourceTree = "<group>";
		};
/* End PBXGroup section */

/* Begin PBXNativeTarget section */
		FCC0DB511C5CA17400BC37A8 /* UITableController */ = {
			isa = PBXNativeTarget;
			buildConfigurationList = FCC0DB691C5CA17400BC37A8 /* Build configuration list for PBXNativeTarget "UITableController" */;
			buildPhases = (
				FCC0DB4E1C5CA17400BC37A8 /* Sources */,
				FCC0DB4F1C5CA17400BC37A8 /* Frameworks */,
				FCC0DB501C5CA17400BC37A8 /* Resources */,
			);
			buildRules = (
			);
			dependencies = (
			);
			name = UITableController;
			productName = UITableController;
			productReference = FCC0DB521C5CA17400BC37A8 /* UITableController.app */;
			productType = "com.apple.product-type.application";
		};
/* End PBXNativeTarget section */

/* Begin PBXProject section */
		FCC0DB4A1C5CA17400BC37A8 /* Project object */ = {
			isa = PBXProject;
			attributes = {
				LastUpgradeCheck = 0720;
				ORGANIZATIONNAME = Jon;
				TargetAttributes = {
					FCC0DB511C5CA17400BC37A8 = {
						CreatedOnToolsVersion = 7.2;
					};
				};
			};
			buildConfigurationList = FCC0DB4D1C5CA17400BC37A8 /* Build configuration list for PBXProject "UITableController" */;
			compatibilityVersion = "Xcode 3.2";
			developmentRegion = English;
			hasScannedForEncodings = 0;
			knownRegions = (
				en,
				Base,
			);
			mainGroup = FCC0DB491C5CA17400BC37A8;
			productRefGroup = FCC0DB531C5CA17400BC37A8 /* Products */;
			projectDirPath = "";
			projectRoot = "";
			targets = (
				FCC0DB511C5CA17400BC37A8 /* UITableController */,
			);
		};
/* End PBXProject section */

/* Begin PBXResourcesBuildPhase section */
		FCC0DB501C5CA17400BC37A8 /* Resources */ = {
			isa = PBXResourcesBuildPhase;
			buildActionMask = 2147483647;
			files = (
				FCC0DB651C5CA17400BC37A8 /* LaunchScreen.storyboard in Resources */,
				FCC0DB621C5CA17400BC37A8 /* Assets.xcassets in Resources */,
				FCC0DB601C5CA17400BC37A8 /* Main.storyboard in Resources */,
			);
			runOnlyForDeploymentPostprocessing = 0;
		};
/* End PBXResourcesBuildPhase section */

/* Begin PBXSourcesBuildPhase section */
		FCC0DB4E1C5CA17400BC37A8 /* Sources */ = {
			isa = PBXSourcesBuildPhase;
			buildActionMask = 2147483647;
			files = (
				FCC0DB5D1C5CA17400BC37A8 /* ViewController.m in Sources */,
				FCC0DB6E1C5CAE1100BC37A8 /* MyTableViewControllor.m in Sources */,
				FCC0DB5A1C5CA17400BC37A8 /* AppDelegate.m in Sources */,
				FCC0DB571C5CA17400BC37A8 /* main.m in Sources */,
			);
			runOnlyForDeploymentPostprocessing = 0;
		};
/* End PBXSourcesBuildPhase section */

/* Begin PBXVariantGroup section */
		FCC0DB5E1C5CA17400BC37A8 /* Main.storyboard */ = {
			isa = PBXVariantGroup;
			children = (
				FCC0DB5F1C5CA17400BC37A8 /* Base */,
			);
			name = Main.storyboard;
			sourceTree = "<group>";
		};
		FCC0DB631C5CA17400BC37A8 /* LaunchScreen.storyboard */ = {
			isa = PBXVariantGroup;
			children = (
				FCC0DB641C5CA17400BC37A8 /* Base */,
			);
			name = LaunchScreen.storyboard;
			sourceTree = "<group>";
		};
/* End PBXVariantGroup section */

/* Begin XCBuildConfiguration section */
		FCC0DB671C5CA17400BC37A8 /* Debug */ = {
			isa = XCBuildConfiguration;
			buildSettings = {
				ALWAYS_SEARCH_USER_PATHS = NO;
				CLANG_CXX_LANGUAGE_STANDARD = "gnu++0x";
				CLANG_CXX_LIBRARY = "libc++";
				CLANG_ENABLE_MODULES = YES;
				CLANG_ENABLE_OBJC_ARC = YES;
				CLANG_WARN_BOOL_CONVERSION = YES;
				CLANG_WARN_CONSTANT_CONVERSION = YES;
				CLANG_WARN_DIRECT_OBJC_ISA_USAGE = YES_ERROR;
				CLANG_WARN_EMPTY_BODY = YES;
				CLANG_WARN_ENUM_CONVERSION = YES;
				CLANG_WARN_INT_CONVERSION = YES;
				CLANG_WARN_OBJC_ROOT_CLASS = YES_ERROR;
				CLANG_WARN_UNREACHABLE_CODE = YES;
				CLANG_WARN__DUPLICATE_METHOD_MATCH = YES;
				"CODE_SIGN_IDENTITY[sdk=iphoneos*]" = "iPhone Developer";
				COPY_PHASE_STRIP = NO;
				DEBUG_INFORMATION_FORMAT = dwarf;
				ENABLE_STRICT_OBJC_MSGSEND = YES;
				ENABLE_TESTABILITY = YES;
				GCC_C_LANGUAGE_STANDARD = gnu99;
				GCC_DYNAMIC_NO_PIC = NO;
				GCC_NO_COMMON_BLOCKS = YES;
				GCC_OPTIMIZATION_LEVEL = 0;
				GCC_PREPROCESSOR_DEFINITIONS = (
					"DEBUG=1",
					"$(inherited)",
				);
				GCC_WARN_64_TO_32_BIT_CONVERSION = YES;
				GCC_WARN_ABOUT_RETURN_TYPE = YES_ERROR;
				GCC_WARN_UNDECLARED_SELECTOR = YES;
				GCC_WARN_UNINITIALIZED_AUTOS = YES_AGGRESSIVE;
				GCC_WARN_UNUSED_FUNCTION = YES;
				GCC_WARN_UNUSED_VARIABLE = YES;
				IPHONEOS_DEPLOYMENT_TARGET = 9.2;
				MTL_ENABLE_DEBUG_INFO = YES;
				ONLY_ACTIVE_ARCH = YES;
				SDKROOT = iphoneos;
			};
			name = Debug;
		};
		FCC0DB681C5CA17400BC37A8 /* Release */ = {
			isa = XCBuildConfiguration;
			buildSettings = {
				ALWAYS_SEARCH_USER_PATHS = NO;
				CLANG_CXX_LANGUAGE_STANDARD = "gnu++0x";
				CLANG_CXX_LIBRARY = "libc++";
				CLANG_ENABLE_MODULES = YES;
				CLANG_ENABLE_OBJC_ARC = YES;
				CLANG_WARN_BOOL_CONVERSION = YES;
				CLANG_WARN_CONSTANT_CONVERSION = YES;
				CLANG_WARN_DIRECT_OBJC_ISA_USAGE = YES_ERROR;
				CLANG_WARN_EMPTY_BODY = YES;
				CLANG_WARN_ENUM_CONVERSION = YES;
				CLANG_WARN_INT_CONVERSION = YES;
				CLANG_WARN_OBJC_ROOT_CLASS = YES_ERROR;
				CLANG_WARN_UNREACHABLE_CODE = YES;
				CLANG_WARN__DUPLICATE_METHOD_MATCH = YES;
				"CODE_SIGN_IDENTITY[sdk=iphoneos*]" = "iPhone Developer";
				COPY_PHASE_STRIP = NO;
				DEBUG_INFORMATION_FORMAT = "dwarf-with-dsym";
				ENABLE_NS_ASSERTIONS = NO;
				ENABLE_STRICT_OBJC_MSGSEND = YES;
				GCC_C_LANGUAGE_STANDARD = gnu99;
				GCC_NO_COMMON_BLOCKS = YES;
				GCC_WARN_64_TO_32_BIT_CONVERSION = YES;
				GCC_WARN_ABOUT_RETURN_TYPE = YES_ERROR;
				GCC_WARN_UNDECLARED_SELECTOR = YES;
				GCC_WARN_UNINITIALIZED_AUTOS = YES_AGGRESSIVE;
				GCC_WARN_UNUSED_FUNCTION = YES;
				GCC_WARN_UNUSED_VARIABLE = YES;
				IPHONEOS_DEPLOYMENT_TARGET = 9.2;
				MTL_ENABLE_DEBUG_INFO = NO;
				SDKROOT = iphoneos;
				VALIDATE_PRODUCT = YES;
			};
			name = Release;
		};
		FCC0DB6A1C5CA17400BC37A8 /* Debug */ = {
			isa = XCBuildConfiguration;
			buildSettings = {
				ASSETCATALOG_COMPILER_APPICON_NAME = AppIcon;
				INFOPLIST_FILE = UITableController/Info.plist;
				LD_RUNPATH_SEARCH_PATHS = "$(inherited) @executable_path/Frameworks";
				PRODUCT_BUNDLE_IDENTIFIER = Jon.UITableController;
				PRODUCT_NAME = "$(TARGET_NAME)";
			};
			name = Debug;
		};
		FCC0DB6B1C5CA17400BC37A8 /* Release */ = {
			isa = XCBuildConfiguration;
			buildSettings = {
				ASSETCATALOG_COMPILER_APPICON_NAME = AppIcon;
				INFOPLIST_FILE = UITableController/Info.plist;
				LD_RUNPATH_SEARCH_PATHS = "$(inherited) @executable_path/Frameworks";
				PRODUCT_BUNDLE_IDENTIFIER = Jon.UITableController;
				PRODUCT_NAME = "$(TARGET_NAME)";
			};
			name = Release;
		};
/* End XCBuildConfiguration section */

/* Begin XCConfigurationList section */
		FCC0DB4D1C5CA17400BC37A8 /* Build configuration list for PBXProject "UITableController" */ = {
			isa = XCConfigurationList;
			buildConfigurations = (
				FCC0DB671C5CA17400BC37A8 /* Debug */,
				FCC0DB681C5CA17400BC37A8 /* Release */,
			);
			defaultConfigurationIsVisible = 0;
			defaultConfigurationName = Release;
		};
		FCC0DB691C5CA17400BC37A8 /* Build configuration list for PBXNativeTarget "UITableController" */ = {
			isa = XCConfigurationList;
			buildConfigurations = (
				FCC0DB6A1C5CA17400BC37A8 /* Debug */,
				FCC0DB6B1C5CA17400BC37A8 /* Release */,
			);
			defaultConfigurationIsVisible = 0;
		};
/* End XCConfigurationList section */
	};
	rootObject = FCC0DB4A1C5CA17400BC37A8 /* Project object */;
}
